// !$*UTF8*$!
{
	archiveVersion = 1;
	classes = {
	};
	objectVersion = 56;
	objects = {

/* Begin PBXBuildFile section */
		668710A32D70F972009CE20F /* WeatherReportAppApp.swift in Sources */ = {isa = PBXBuildFile; fileRef = 668710A22D70F972009CE20F /* WeatherReportAppApp.swift */; };
		668710A52D70F972009CE20F /* ContentView.swift in Sources */ = {isa = PBXBuildFile; fileRef = 668710A42D70F972009CE20F /* ContentView.swift */; };
		668710A72D70F973009CE20F /* Assets.xcassets in Resources */ = {isa = PBXBuildFile; fileRef = 668710A62D70F973009CE20F /* Assets.xcassets */; };
		668710AA2D70F973009CE20F /* Preview Assets.xcassets in Resources */ = {isa = PBXBuildFile; fileRef = 668710A92D70F973009CE20F /* Preview Assets.xcassets */; };
		668710B42D70F973009CE20F /* WeatherReportAppTests.swift in Sources */ = {isa = PBXBuildFile; fileRef = 668710B32D70F973009CE20F /* WeatherReportAppTests.swift */; };
		668710BE2D70F973009CE20F /* WeatherReportAppUITests.swift in Sources */ = {isa = PBXBuildFile; fileRef = 668710BD2D70F973009CE20F /* WeatherReportAppUITests.swift */; };
		668710C02D70F973009CE20F /* WeatherReportAppUITestsLaunchTests.swift in Sources */ = {isa = PBXBuildFile; fileRef = 668710BF2D70F973009CE20F /* WeatherReportAppUITestsLaunchTests.swift */; };
/* End PBXBuildFile section */

/* Begin PBXContainerItemProxy section */
		668710B02D70F973009CE20F /* PBXContainerItemProxy */ = {
			isa = PBXContainerItemProxy;
			containerPortal = 668710972D70F972009CE20F /* Project object */;
			proxyType = 1;
			remoteGlobalIDString = 6687109E2D70F972009CE20F;
			remoteInfo = WeatherReportApp;
		};
		668710BA2D70F973009CE20F /* PBXContainerItemProxy */ = {
			isa = PBXContainerItemProxy;
			containerPortal = 668710972D70F972009CE20F /* Project object */;
			proxyType = 1;
			remoteGlobalIDString = 6687109E2D70F972009CE20F;
			remoteInfo = WeatherReportApp;
		};
/* End PBXContainerItemProxy section */

/* Begin PBXFileReference section */
		6687109F2D70F972009CE20F /* WeatherReportApp.app */ = {isa = PBXFileReference; explicitFileType = wrapper.application; includeInIndex = 0; path = WeatherReportApp.app; sourceTree = BUILT_PRODUCTS_DIR; };
		668710A22D70F972009CE20F /* WeatherReportAppApp.swift */ = {isa = PBXFileReference; lastKnownFileType = sourcecode.swift; path = WeatherReportAppApp.swift; sourceTree = "<group>"; };
		668710A42D70F972009CE20F /* ContentView.swift */ = {isa = PBXFileReference; lastKnownFileType = sourcecode.swift; path = ContentView.swift; sourceTree = "<group>"; };
		668710A62D70F973009CE20F /* Assets.xcassets */ = {isa = PBXFileReference; lastKnownFileType = folder.assetcatalog; path = Assets.xcassets; sourceTree = "<group>"; };
		668710A92D70F973009CE20F /* Preview Assets.xcassets */ = {isa = PBXFileReference; lastKnownFileType = folder.assetcatalog; path = "Preview Assets.xcassets"; sourceTree = "<group>"; };
		668710AF2D70F973009CE20F /* WeatherReportAppTests.xctest */ = {isa = PBXFileReference; explicitFileType = wrapper.cfbundle; includeInIndex = 0; path = WeatherReportAppTests.xctest; sourceTree = BUILT_PRODUCTS_DIR; };
		668710B32D70F973009CE20F /* WeatherReportAppTests.swift */ = {isa = PBXFileReference; lastKnownFileType = sourcecode.swift; path = WeatherReportAppTests.swift; sourceTree = "<group>"; };
		668710B92D70F973009CE20F /* WeatherReportAppUITests.xctest */ = {isa = PBXFileReference; explicitFileType = wrapper.cfbundle; includeInIndex = 0; path = WeatherReportAppUITests.xctest; sourceTree = BUILT_PRODUCTS_DIR; };
		668710BD2D70F973009CE20F /* WeatherReportAppUITests.swift */ = {isa = PBXFileReference; lastKnownFileType = sourcecode.swift; path = WeatherReportAppUITests.swift; sourceTree = "<group>"; };
		668710BF2D70F973009CE20F /* WeatherReportAppUITestsLaunchTests.swift */ = {isa = PBXFileReference; lastKnownFileType = sourcecode.swift; path = WeatherReportAppUITestsLaunchTests.swift; sourceTree = "<group>"; };
/* End PBXFileReference section */

/* Begin PBXFrameworksBuildPhase section */
		6687109C2D70F972009CE20F /* Frameworks */ = {
			isa = PBXFrameworksBuildPhase;
			buildActionMask = 2147483647;
			files = (
			);
			runOnlyForDeploymentPostprocessing = 0;
		};
		668710AC2D70F973009CE20F /* Frameworks */ = {
			isa = PBXFrameworksBuildPhase;
			buildActionMask = 2147483647;
			files = (
			);
			runOnlyForDeploymentPostprocessing = 0;
		};
		668710B62D70F973009CE20F /* Frameworks */ = {
			isa = PBXFrameworksBuildPhase;
			buildActionMask = 2147483647;
			files = (
			);
			runOnlyForDeploymentPostprocessing = 0;
		};
/* End PBXFrameworksBuildPhase section */

/* Begin PBXGroup section */
		668710962D70F972009CE20F = {
			isa = PBXGroup;
			children = (
				668710A12D70F972009CE20F /* WeatherReportApp */,
				668710B22D70F973009CE20F /* WeatherReportAppTests */,
				668710BC2D70F973009CE20F /* WeatherReportAppUITests */,
				668710A02D70F972009CE20F /* Products */,
			);
			sourceTree = "<group>";
		};
		668710A02D70F972009CE20F /* Products */ = {
			isa = PBXGroup;
			children = (
				6687109F2D70F972009CE20F /* WeatherReportApp.app */,
				668710AF2D70F973009CE20F /* WeatherReportAppTests.xctest */,
				668710B92D70F973009CE20F /* WeatherReportAppUITests.xctest */,
			);
			name = Products;
			sourceTree = "<group>";
		};
		668710A12D70F972009CE20F /* WeatherReportApp */ = {
			isa = PBXGroup;
			children = (
				668710A22D70F972009CE20F /* WeatherReportAppApp.swift */,
				668710A42D70F972009CE20F /* ContentView.swift */,
				668710A62D70F973009CE20F /* Assets.xcassets */,
				668710A82D70F973009CE20F /* Preview Content */,
			);
			path = WeatherReportApp;
			sourceTree = "<group>";
		};
		668710A82D70F973009CE20F /* Preview Content */ = {
			isa = PBXGroup;
			children = (
				668710A92D70F973009CE20F /* Preview Assets.xcassets */,
			);
			path = "Preview Content";
			sourceTree = "<group>";
		};
		668710B22D70F973009CE20F /* WeatherReportAppTests */ = {
			isa = PBXGroup;
			children = (
				668710B32D70F973009CE20F /* WeatherReportAppTests.swift */,
			);
			path = WeatherReportAppTests;
			sourceTree = "<group>";
		};
		668710BC2D70F973009CE20F /* WeatherReportAppUITests */ = {
			isa = PBXGroup;
			children = (
				668710BD2D70F973009CE20F /* WeatherReportAppUITests.swift */,
				668710BF2D70F973009CE20F /* WeatherReportAppUITestsLaunchTests.swift */,
			);
			path = WeatherReportAppUITests;
			sourceTree = "<group>";
		};
/* End PBXGroup section */

/* Begin PBXNativeTarget section */
		6687109E2D70F972009CE20F /* WeatherReportApp */ = {
			isa = PBXNativeTarget;
			buildConfigurationList = 668710C32D70F973009CE20F /* Build configuration list for PBXNativeTarget "WeatherReportApp" */;
			buildPhases = (
				6687109B2D70F972009CE20F /* Sources */,
				6687109C2D70F972009CE20F /* Frameworks */,
				6687109D2D70F972009CE20F /* Resources */,
			);
			buildRules = (
			);
			dependencies = (
			);
			name = WeatherReportApp;
			productName = WeatherReportApp;
			productReference = 6687109F2D70F972009CE20F /* WeatherReportApp.app */;
			productType = "com.apple.product-type.application";
		};
		668710AE2D70F973009CE20F /* WeatherReportAppTests */ = {
			isa = PBXNativeTarget;
			buildConfigurationList = 668710C62D70F973009CE20F /* Build configuration list for PBXNativeTarget "WeatherReportAppTests" */;
			buildPhases = (
				668710AB2D70F973009CE20F /* Sources */,
				668710AC2D70F973009CE20F /* Frameworks */,
				668710AD2D70F973009CE20F /* Resources */,
			);
			buildRules = (
			);
			dependencies = (
				668710B12D70F973009CE20F /* PBXTargetDependency */,
			);
			name = WeatherReportAppTests;
			productName = WeatherReportAppTests;
			productReference = 668710AF2D70F973009CE20F /* WeatherReportAppTests.xctest */;
			productType = "com.apple.product-type.bundle.unit-test";
		};
		668710B82D70F973009CE20F /* WeatherReportAppUITests */ = {
			isa = PBXNativeTarget;
			buildConfigurationList = 668710C92D70F973009CE20F /* Build configuration list for PBXNativeTarget "WeatherReportAppUITests" */;
			buildPhases = (
				668710B52D70F973009CE20F /* Sources */,
				668710B62D70F973009CE20F /* Frameworks */,
				668710B72D70F973009CE20F /* Resources */,
			);
			buildRules = (
			);
			dependencies = (
				668710BB2D70F973009CE20F /* PBXTargetDependency */,
			);
			name = WeatherReportAppUITests;
			productName = WeatherReportAppUITests;
			productReference = 668710B92D70F973009CE20F /* WeatherReportAppUITests.xctest */;
			productType = "com.apple.product-type.bundle.ui-testing";
		};
/* End PBXNativeTarget section */

/* Begin PBXProject section */
		668710972D70F972009CE20F /* Project object */ = {
			isa = PBXProject;
			attributes = {
				BuildIndependentTargetsInParallel = 1;
				LastSwiftUpdateCheck = 1540;
				LastUpgradeCheck = 1540;
				TargetAttributes = {
					6687109E2D70F972009CE20F = {
						CreatedOnToolsVersion = 15.4;
					};
					668710AE2D70F973009CE20F = {
						CreatedOnToolsVersion = 15.4;
						TestTargetID = 6687109E2D70F972009CE20F;
					};
					668710B82D70F973009CE20F = {
						CreatedOnToolsVersion = 15.4;
						TestTargetID = 6687109E2D70F972009CE20F;
					};
				};
			};
			buildConfigurationList = 6687109A2D70F972009CE20F /* Build configuration list for PBXProject "WeatherReportApp" */;
			compatibilityVersion = "Xcode 14.0";
			developmentRegion = en;
			hasScannedForEncodings = 0;
			knownRegions = (
				en,
				Base,
			);
			mainGroup = 668710962D70F972009CE20F;
			productRefGroup = 668710A02D70F972009CE20F /* Products */;
			projectDirPath = "";
			projectRoot = "";
			targets = (
				6687109E2D70F972009CE20F /* WeatherReportApp */,
				668710AE2D70F973009CE20F /* WeatherReportAppTests */,
				668710B82D70F973009CE20F /* WeatherReportAppUITests */,
			);
		};
/* End PBXProject section */

/* Begin PBXResourcesBuildPhase section */
		6687109D2D70F972009CE20F /* Resources */ = {
			isa = PBXResourcesBuildPhase;
			buildActionMask = 2147483647;
			files = (
				668710AA2D70F973009CE20F /* Preview Assets.xcassets in Resources */,
				668710A72D70F973009CE20F /* Assets.xcassets in Resources */,
			);
			runOnlyForDeploymentPostprocessing = 0;
		};
		668710AD2D70F973009CE20F /* Resources */ = {
			isa = PBXResourcesBuildPhase;
			buildActionMask = 2147483647;
			files = (
			);
			runOnlyForDeploymentPostprocessing = 0;
		};
		668710B72D70F973009CE20F /* Resources */ = {
			isa = PBXResourcesBuildPhase;
			buildActionMask = 2147483647;
			files = (
			);
			runOnlyForDeploymentPostprocessing = 0;
		};
/* End PBXResourcesBuildPhase section */

/* Begin PBXSourcesBuildPhase section */
		6687109B2D70F972009CE20F /* Sources */ = {
			isa = PBXSourcesBuildPhase;
			buildActionMask = 2147483647;
			files = (
				668710A52D70F972009CE20F /* ContentView.swift in Sources */,
				668710A32D70F972009CE20F /* WeatherReportAppApp.swift in Sources */,
			);
			runOnlyForDeploymentPostprocessing = 0;
		};
		668710AB2D70F973009CE20F /* Sources */ = {
			isa = PBXSourcesBuildPhase;
			buildActionMask = 2147483647;
			files = (
				668710B42D70F973009CE20F /* WeatherReportAppTests.swift in Sources */,
			);
			runOnlyForDeploymentPostprocessing = 0;
		};
		668710B52D70F973009CE20F /* Sources */ = {
			isa = PBXSourcesBuildPhase;
			buildActionMask = 2147483647;
			files = (
				668710BE2D70F973009CE20F /* WeatherReportAppUITests.swift in Sources */,
				668710C02D70F973009CE20F /* WeatherReportAppUITestsLaunchTests.swift in Sources */,
			);
			runOnlyForDeploymentPostprocessing = 0;
		};
/* End PBXSourcesBuildPhase section */

/* Begin PBXTargetDependency section */
		668710B12D70F973009CE20F /* PBXTargetDependency */ = {
			isa = PBXTargetDependency;
			target = 6687109E2D70F972009CE20F /* WeatherReportApp */;
			targetProxy = 668710B02D70F973009CE20F /* PBXContainerItemProxy */;
		};
		668710BB2D70F973009CE20F /* PBXTargetDependency */ = {
			isa = PBXTargetDependency;
			target = 6687109E2D70F972009CE20F /* WeatherReportApp */;
			targetProxy = 668710BA2D70F973009CE20F /* PBXContainerItemProxy */;
		};
/* End PBXTargetDependency section */

/* Begin XCBuildConfiguration section */
		668710C12D70F973009CE20F /* Debug */ = {
			isa = XCBuildConfiguration;
			buildSettings = {
				ALWAYS_SEARCH_USER_PATHS = NO;
				ASSETCATALOG_COMPILER_GENERATE_SWIFT_ASSET_SYMBOL_EXTENSIONS = YES;
				CLANG_ANALYZER_NONNULL = YES;
				CLANG_ANALYZER_NUMBER_OBJECT_CONVERSION = YES_AGGRESSIVE;
				CLANG_CXX_LANGUAGE_STANDARD = "gnu++20";
				CLANG_ENABLE_MODULES = YES;
				CLANG_ENABLE_OBJC_ARC = YES;
				CLANG_ENABLE_OBJC_WEAK = YES;
				CLANG_WARN_BLOCK_CAPTURE_AUTORELEASING = YES;
				CLANG_WARN_BOOL_CONVERSION = YES;
				CLANG_WARN_COMMA = YES;
				CLANG_WARN_CONSTANT_CONVERSION = YES;
				CLANG_WARN_DEPRECATED_OBJC_IMPLEMENTATIONS = YES;
				CLANG_WARN_DIRECT_OBJC_ISA_USAGE = YES_ERROR;
				CLANG_WARN_DOCUMENTATION_COMMENTS = YES;
				CLANG_WARN_EMPTY_BODY = YES;
				CLANG_WARN_ENUM_CONVERSION = YES;
				CLANG_WARN_INFINITE_RECURSION = YES;
				CLANG_WARN_INT_CONVERSION = YES;
				CLANG_WARN_NON_LITERAL_NULL_CONVERSION = YES;
				CLANG_WARN_OBJC_IMPLICIT_RETAIN_SELF = YES;
				CLANG_WARN_OBJC_LITERAL_CONVERSION = YES;
				CLANG_WARN_OBJC_ROOT_CLASS = YES_ERROR;
				CLANG_WARN_QUOTED_INCLUDE_IN_FRAMEWORK_HEADER = YES;
				CLANG_WARN_RANGE_LOOP_ANALYSIS = YES;
				CLANG_WARN_STRICT_PROTOTYPES = YES;
				CLANG_WARN_SUSPICIOUS_MOVE = YES;
				CLANG_WARN_UNGUARDED_AVAILABILITY = YES_AGGRESSIVE;
				CLANG_WARN_UNREACHABLE_CODE = YES;
				CLANG_WARN__DUPLICATE_METHOD_MATCH = YES;
				COPY_PHASE_STRIP = NO;
				DEBUG_INFORMATION_FORMAT = dwarf;
				ENABLE_STRICT_OBJC_MSGSEND = YES;
				ENABLE_TESTABILITY = YES;
				ENABLE_USER_SCRIPT_SANDBOXING = YES;
				GCC_C_LANGUAGE_STANDARD = gnu17;
				GCC_DYNAMIC_NO_PIC = NO;
				GCC_NO_COMMON_BLOCKS = YES;
				GCC_OPTIMIZATION_LEVEL = 0;
				GCC_PREPROCESSOR_DEFINITIONS = (
					"DEBUG=1",
					"$(inherited)",
				);
				GCC_WARN_64_TO_32_BIT_CONVERSION = YES;
				GCC_WARN_ABOUT_RETURN_TYPE = YES_ERROR;
				GCC_WARN_UNDECLARED_SELECTOR = YES;
				GCC_WARN_UNINITIALIZED_AUTOS = YES_AGGRESSIVE;
				GCC_WARN_UNUSED_FUNCTION = YES;
				GCC_WARN_UNUSED_VARIABLE = YES;
				IPHONEOS_DEPLOYMENT_TARGET = 17.5;
				LOCALIZATION_PREFERS_STRING_CATALOGS = YES;
				MTL_ENABLE_DEBUG_INFO = INCLUDE_SOURCE;
				MTL_FAST_MATH = YES;
				ONLY_ACTIVE_ARCH = YES;
				SDKROOT = iphoneos;
				SWIFT_ACTIVE_COMPILATION_CONDITIONS = "DEBUG $(inherited)";
				SWIFT_OPTIMIZATION_LEVEL = "-Onone";
			};
			name = Debug;
		};
		668710C22D70F973009CE20F /* Release */ = {
			isa = XCBuildConfiguration;
			buildSettings = {
				ALWAYS_SEARCH_USER_PATHS = NO;
				ASSETCATALOG_COMPILER_GENERATE_SWIFT_ASSET_SYMBOL_EXTENSIONS = YES;
				CLANG_ANALYZER_NONNULL = YES;
				CLANG_ANALYZER_NUMBER_OBJECT_CONVERSION = YES_AGGRESSIVE;
				CLANG_CXX_LANGUAGE_STANDARD = "gnu++20";
				CLANG_ENABLE_MODULES = YES;
				CLANG_ENABLE_OBJC_ARC = YES;
				CLANG_ENABLE_OBJC_WEAK = YES;
				CLANG_WARN_BLOCK_CAPTURE_AUTORELEASING = YES;
				CLANG_WARN_BOOL_CONVERSION = YES;
				CLANG_WARN_COMMA = YES;
				CLANG_WARN_CONSTANT_CONVERSION = YES;
				CLANG_WARN_DEPRECATED_OBJC_IMPLEMENTATIONS = YES;
				CLANG_WARN_DIRECT_OBJC_ISA_USAGE = YES_ERROR;
				CLANG_WARN_DOCUMENTATION_COMMENTS = YES;
				CLANG_WARN_EMPTY_BODY = YES;
				CLANG_WARN_ENUM_CONVERSION = YES;
				CLANG_WARN_INFINITE_RECURSION = YES;
				CLANG_WARN_INT_CONVERSION = YES;
				CLANG_WARN_NON_LITERAL_NULL_CONVERSION = YES;
				CLANG_WARN_OBJC_IMPLICIT_RETAIN_SELF = YES;
				CLANG_WARN_OBJC_LITERAL_CONVERSION = YES;
				CLANG_WARN_OBJC_ROOT_CLASS = YES_ERROR;
				CLANG_WARN_QUOTED_INCLUDE_IN_FRAMEWORK_HEADER = YES;
				CLANG_WARN_RANGE_LOOP_ANALYSIS = YES;
				CLANG_WARN_STRICT_PROTOTYPES = YES;
				CLANG_WARN_SUSPICIOUS_MOVE = YES;
				CLANG_WARN_UNGUARDED_AVAILABILITY = YES_AGGRESSIVE;
				CLANG_WARN_UNREACHABLE_CODE = YES;
				CLANG_WARN__DUPLICATE_METHOD_MATCH = YES;
				COPY_PHASE_STRIP = NO;
				DEBUG_INFORMATION_FORMAT = "dwarf-with-dsym";
				ENABLE_NS_ASSERTIONS = NO;
				ENABLE_STRICT_OBJC_MSGSEND = YES;
				ENABLE_USER_SCRIPT_SANDBOXING = YES;
				GCC_C_LANGUAGE_STANDARD = gnu17;
				GCC_NO_COMMON_BLOCKS = YES;
				GCC_WARN_64_TO_32_BIT_CONVERSION = YES;
				GCC_WARN_ABOUT_RETURN_TYPE = YES_ERROR;
				GCC_WARN_UNDECLARED_SELECTOR = YES;
				GCC_WARN_UNINITIALIZED_AUTOS = YES_AGGRESSIVE;
				GCC_WARN_UNUSED_FUNCTION = YES;
				GCC_WARN_UNUSED_VARIABLE = YES;
				IPHONEOS_DEPLOYMENT_TARGET = 17.5;
				LOCALIZATION_PREFERS_STRING_CATALOGS = YES;
				MTL_ENABLE_DEBUG_INFO = NO;
				MTL_FAST_MATH = YES;
				SDKROOT = iphoneos;
				SWIFT_COMPILATION_MODE = wholemodule;
				VALIDATE_PRODUCT = YES;
			};
			name = Release;
		};
		668710C42D70F973009CE20F /* Debug */ = {
			isa = XCBuildConfiguration;
			buildSettings = {
				ASSETCATALOG_COMPILER_APPICON_NAME = AppIcon;
				ASSETCATALOG_COMPILER_GLOBAL_ACCENT_COLOR_NAME = AccentColor;
				CODE_SIGN_STYLE = Automatic;
				CURRENT_PROJECT_VERSION = 1;
				DEVELOPMENT_ASSET_PATHS = "\"WeatherReportApp/Preview Content\"";
				ENABLE_PREVIEWS = YES;
				GENERATE_INFOPLIST_FILE = YES;
				INFOPLIST_KEY_UIApplicationSceneManifest_Generation = YES;
				INFOPLIST_KEY_UIApplicationSupportsIndirectInputEvents = YES;
				INFOPLIST_KEY_UILaunchScreen_Generation = YES;
				INFOPLIST_KEY_UISupportedInterfaceOrientations_iPad = "UIInterfaceOrientationPortrait UIInterfaceOrientationPortraitUpsideDown UIInterfaceOrientationLandscapeLeft UIInterfaceOrientationLandscapeRight";
				INFOPLIST_KEY_UISupportedInterfaceOrientations_iPhone = "UIInterfaceOrientationPortrait UIInterfaceOrientationLandscapeLeft UIInterfaceOrientationLandscapeRight";
				LD_RUNPATH_SEARCH_PATHS = (
					"$(inherited)",
					"@executable_path/Frameworks",
				);
				MARKETING_VERSION = 1.0;
				PRODUCT_BUNDLE_IDENTIFIER = name.yizhenzhu.WeatherReportApp;
				PRODUCT_NAME = "$(TARGET_NAME)";
				SWIFT_EMIT_LOC_STRINGS = YES;
				SWIFT_VERSION = 5.0;
				TARGETED_DEVICE_FAMILY = "1,2";
			};
			name = Debug;
		};
		668710C52D70F973009CE20F /* Release */ = {
			isa = XCBuildConfiguration;
			buildSettings = {
				ASSETCATALOG_COMPILER_APPICON_NAME = AppIcon;
				ASSETCATALOG_COMPILER_GLOBAL_ACCENT_COLOR_NAME = AccentColor;
				CODE_SIGN_STYLE = Automatic;
				CURRENT_PROJECT_VERSION = 1;
				DEVELOPMENT_ASSET_PATHS = "\"WeatherReportApp/Preview Content\"";
				ENABLE_PREVIEWS = YES;
				GENERATE_INFOPLIST_FILE = YES;
				INFOPLIST_KEY_UIApplicationSceneManifest_Generation = YES;
				INFOPLIST_KEY_UIApplicationSupportsIndirectInputEvents = YES;
				INFOPLIST_KEY_UILaunchScreen_Generation = YES;
				INFOPLIST_KEY_UISupportedInterfaceOrientations_iPad = "UIInterfaceOrientationPortrait UIInterfaceOrientationPortraitUpsideDown UIInterfaceOrientationLandscapeLeft UIInterfaceOrientationLandscapeRight";
				INFOPLIST_KEY_UISupportedInterfaceOrientations_iPhone = "UIInterfaceOrientationPortrait UIInterfaceOrientationLandscapeLeft UIInterfaceOrientationLandscapeRight";
				LD_RUNPATH_SEARCH_PATHS = (
					"$(inherited)",
					"@executable_path/Frameworks",
				);
				MARKETING_VERSION = 1.0;
				PRODUCT_BUNDLE_IDENTIFIER = name.yizhenzhu.WeatherReportApp;
				PRODUCT_NAME = "$(TARGET_NAME)";
				SWIFT_EMIT_LOC_STRINGS = YES;
				SWIFT_VERSION = 5.0;
				TARGETED_DEVICE_FAMILY = "1,2";
			};
			name = Release;
		};
		668710C72D70F973009CE20F /* Debug */ = {
			isa = XCBuildConfiguration;
			buildSettings = {
				ALWAYS_EMBED_SWIFT_STANDARD_LIBRARIES = YES;
				BUNDLE_LOADER = "$(TEST_HOST)";
				CODE_SIGN_STYLE = Automatic;
				CURRENT_PROJECT_VERSION = 1;
				GENERATE_INFOPLIST_FILE = YES;
				IPHONEOS_DEPLOYMENT_TARGET = 17.5;
				MARKETING_VERSION = 1.0;
				PRODUCT_BUNDLE_IDENTIFIER = name.yizhenzhu.WeatherReportAppTests;
				PRODUCT_NAME = "$(TARGET_NAME)";
				SWIFT_EMIT_LOC_STRINGS = NO;
				SWIFT_VERSION = 5.0;
				TARGETED_DEVICE_FAMILY = "1,2";
				TEST_HOST = "$(BUILT_PRODUCTS_DIR)/WeatherReportApp.app/$(BUNDLE_EXECUTABLE_FOLDER_PATH)/WeatherReportApp";
			};
			name = Debug;
		};
		668710C82D70F973009CE20F /* Release */ = {
			isa = XCBuildConfiguration;
			buildSettings = {
				ALWAYS_EMBED_SWIFT_STANDARD_LIBRARIES = YES;
				BUNDLE_LOADER = "$(TEST_HOST)";
				CODE_SIGN_STYLE = Automatic;
				CURRENT_PROJECT_VERSION = 1;
				GENERATE_INFOPLIST_FILE = YES;
				IPHONEOS_DEPLOYMENT_TARGET = 17.5;
				MARKETING_VERSION = 1.0;
				PRODUCT_BUNDLE_IDENTIFIER = name.yizhenzhu.WeatherReportAppTests;
				PRODUCT_NAME = "$(TARGET_NAME)";
				SWIFT_EMIT_LOC_STRINGS = NO;
				SWIFT_VERSION = 5.0;
				TARGETED_DEVICE_FAMILY = "1,2";
				TEST_HOST = "$(BUILT_PRODUCTS_DIR)/WeatherReportApp.app/$(BUNDLE_EXECUTABLE_FOLDER_PATH)/WeatherReportApp";
			};
			name = Release;
		};
		668710CA2D70F973009CE20F /* Debug */ = {
			isa = XCBuildConfiguration;
			buildSettings = {
				ALWAYS_EMBED_SWIFT_STANDARD_LIBRARIES = YES;
				CODE_SIGN_STYLE = Automatic;
				CURRENT_PROJECT_VERSION = 1;
				GENERATE_INFOPLIST_FILE = YES;
				MARKETING_VERSION = 1.0;
				PRODUCT_BUNDLE_IDENTIFIER = name.yizhenzhu.WeatherReportAppUITests;
				PRODUCT_NAME = "$(TARGET_NAME)";
				SWIFT_EMIT_LOC_STRINGS = NO;
				SWIFT_VERSION = 5.0;
				TARGETED_DEVICE_FAMILY = "1,2";
				TEST_TARGET_NAME = WeatherReportApp;
			};
			name = Debug;
		};
		668710CB2D70F973009CE20F /* Release */ = {
			isa = XCBuildConfiguration;
			buildSettings = {
				ALWAYS_EMBED_SWIFT_STANDARD_LIBRARIES = YES;
				CODE_SIGN_STYLE = Automatic;
				CURRENT_PROJECT_VERSION = 1;
				GENERATE_INFOPLIST_FILE = YES;
				MARKETING_VERSION = 1.0;
				PRODUCT_BUNDLE_IDENTIFIER = name.yizhenzhu.WeatherReportAppUITests;
				PRODUCT_NAME = "$(TARGET_NAME)";
				SWIFT_EMIT_LOC_STRINGS = NO;
				SWIFT_VERSION = 5.0;
				TARGETED_DEVICE_FAMILY = "1,2";
				TEST_TARGET_NAME = WeatherReportApp;
			};
			name = Release;
		};
/* End XCBuildConfiguration section */

/* Begin XCConfigurationList section */
		6687109A2D70F972009CE20F /* Build configuration list for PBXProject "WeatherReportApp" */ = {
			isa = XCConfigurationList;
			buildConfigurations = (
				668710C12D70F973009CE20F /* Debug */,
				668710C22D70F973009CE20F /* Release */,
			);
			defaultConfigurationIsVisible = 0;
			defaultConfigurationName = Release;
		};
		668710C32D70F973009CE20F /* Build configuration list for PBXNativeTarget "WeatherReportApp" */ = {
			isa = XCConfigurationList;
			buildConfigurations = (
				668710C42D70F973009CE20F /* Debug */,
				668710C52D70F973009CE20F /* Release */,
			);
			defaultConfigurationIsVisible = 0;
			defaultConfigurationName = Release;
		};
		668710C62D70F973009CE20F /* Build configuration list for PBXNativeTarget "WeatherReportAppTests" */ = {
			isa = XCConfigurationList;
			buildConfigurations = (
				668710C72D70F973009CE20F /* Debug */,
				668710C82D70F973009CE20F /* Release */,
			);
			defaultConfigurationIsVisible = 0;
			defaultConfigurationName = Release;
		};
		668710C92D70F973009CE20F /* Build configuration list for PBXNativeTarget "WeatherReportAppUITests" */ = {
			isa = XCConfigurationList;
			buildConfigurations = (
				668710CA2D70F973009CE20F /* Debug */,
				668710CB2D70F973009CE20F /* Release */,
			);
			defaultConfigurationIsVisible = 0;
			defaultConfigurationName = Release;
		};
/* End XCConfigurationList section */
	};
	rootObject = 668710972D70F972009CE20F /* Project object */;
}
