// !$*UTF8*$!
{
	archiveVersion = 1;
	classes = {
	};
	objectVersion = 56;
	objects = {

/* Begin PBXBuildFile section */
		667D9BAF2DA473BD0084FF81 /* TabsAndNavigationApp.swift in Sources */ = {isa = PBXBuildFile; fileRef = 667D9BAE2DA473BD0084FF81 /* TabsAndNavigationApp.swift */; };
		667D9BB12DA473BD0084FF81 /* ContentView.swift in Sources */ = {isa = PBXBuildFile; fileRef = 667D9BB02DA473BD0084FF81 /* ContentView.swift */; };
		667D9BB32DA473BE0084FF81 /* Assets.xcassets in Resources */ = {isa = PBXBuildFile; fileRef = 667D9BB22DA473BE0084FF81 /* Assets.xcassets */; };
		667D9BB62DA473BE0084FF81 /* Preview Assets.xcassets in Resources */ = {isa = PBXBuildFile; fileRef = 667D9BB52DA473BE0084FF81 /* Preview Assets.xcassets */; };
		667D9BC02DA473BE0084FF81 /* TabsAndNavigationTests.swift in Sources */ = {isa = PBXBuildFile; fileRef = 667D9BBF2DA473BE0084FF81 /* TabsAndNavigationTests.swift */; };
		667D9BCA2DA473BE0084FF81 /* TabsAndNavigationUITests.swift in Sources */ = {isa = PBXBuildFile; fileRef = 667D9BC92DA473BE0084FF81 /* TabsAndNavigationUITests.swift */; };
		667D9BCC2DA473BE0084FF81 /* TabsAndNavigationUITestsLaunchTests.swift in Sources */ = {isa = PBXBuildFile; fileRef = 667D9BCB2DA473BE0084FF81 /* TabsAndNavigationUITestsLaunchTests.swift */; };
		667D9BD92DA473FD0084FF81 /* HomeView.swift in Sources */ = {isa = PBXBuildFile; fileRef = 667D9BD82DA473FD0084FF81 /* HomeView.swift */; };
		667D9BDB2DA474080084FF81 /* SettingsView.swift in Sources */ = {isa = PBXBuildFile; fileRef = 667D9BDA2DA474080084FF81 /* SettingsView.swift */; };
		667D9BDD2DA478460084FF81 /* ProfileView.swift in Sources */ = {isa = PBXBuildFile; fileRef = 667D9BDC2DA478460084FF81 /* ProfileView.swift */; };
/* End PBXBuildFile section */

/* Begin PBXContainerItemProxy section */
		667D9BBC2DA473BE0084FF81 /* PBXContainerItemProxy */ = {
			isa = PBXContainerItemProxy;
			containerPortal = 667D9BA32DA473BD0084FF81 /* Project object */;
			proxyType = 1;
			remoteGlobalIDString = 667D9BAA2DA473BD0084FF81;
			remoteInfo = TabsAndNavigation;
		};
		667D9BC62DA473BE0084FF81 /* PBXContainerItemProxy */ = {
			isa = PBXContainerItemProxy;
			containerPortal = 667D9BA32DA473BD0084FF81 /* Project object */;
			proxyType = 1;
			remoteGlobalIDString = 667D9BAA2DA473BD0084FF81;
			remoteInfo = TabsAndNavigation;
		};
/* End PBXContainerItemProxy section */

/* Begin PBXFileReference section */
		667D9BAB2DA473BD0084FF81 /* TabsAndNavigation.app */ = {isa = PBXFileReference; explicitFileType = wrapper.application; includeInIndex = 0; path = TabsAndNavigation.app; sourceTree = BUILT_PRODUCTS_DIR; };
		667D9BAE2DA473BD0084FF81 /* TabsAndNavigationApp.swift */ = {isa = PBXFileReference; lastKnownFileType = sourcecode.swift; path = TabsAndNavigationApp.swift; sourceTree = "<group>"; };
		667D9BB02DA473BD0084FF81 /* ContentView.swift */ = {isa = PBXFileReference; lastKnownFileType = sourcecode.swift; path = ContentView.swift; sourceTree = "<group>"; };
		667D9BB22DA473BE0084FF81 /* Assets.xcassets */ = {isa = PBXFileReference; lastKnownFileType = folder.assetcatalog; path = Assets.xcassets; sourceTree = "<group>"; };
		667D9BB52DA473BE0084FF81 /* Preview Assets.xcassets */ = {isa = PBXFileReference; lastKnownFileType = folder.assetcatalog; path = "Preview Assets.xcassets"; sourceTree = "<group>"; };
		667D9BBB2DA473BE0084FF81 /* TabsAndNavigationTests.xctest */ = {isa = PBXFileReference; explicitFileType = wrapper.cfbundle; includeInIndex = 0; path = TabsAndNavigationTests.xctest; sourceTree = BUILT_PRODUCTS_DIR; };
		667D9BBF2DA473BE0084FF81 /* TabsAndNavigationTests.swift */ = {isa = PBXFileReference; lastKnownFileType = sourcecode.swift; path = TabsAndNavigationTests.swift; sourceTree = "<group>"; };
		667D9BC52DA473BE0084FF81 /* TabsAndNavigationUITests.xctest */ = {isa = PBXFileReference; explicitFileType = wrapper.cfbundle; includeInIndex = 0; path = TabsAndNavigationUITests.xctest; sourceTree = BUILT_PRODUCTS_DIR; };
		667D9BC92DA473BE0084FF81 /* TabsAndNavigationUITests.swift */ = {isa = PBXFileReference; lastKnownFileType = sourcecode.swift; path = TabsAndNavigationUITests.swift; sourceTree = "<group>"; };
		667D9BCB2DA473BE0084FF81 /* TabsAndNavigationUITestsLaunchTests.swift */ = {isa = PBXFileReference; lastKnownFileType = sourcecode.swift; path = TabsAndNavigationUITestsLaunchTests.swift; sourceTree = "<group>"; };
		667D9BD82DA473FD0084FF81 /* HomeView.swift */ = {isa = PBXFileReference; lastKnownFileType = sourcecode.swift; path = HomeView.swift; sourceTree = "<group>"; };
		667D9BDA2DA474080084FF81 /* SettingsView.swift */ = {isa = PBXFileReference; lastKnownFileType = sourcecode.swift; path = SettingsView.swift; sourceTree = "<group>"; };
		667D9BDC2DA478460084FF81 /* ProfileView.swift */ = {isa = PBXFileReference; lastKnownFileType = sourcecode.swift; path = ProfileView.swift; sourceTree = "<group>"; };
/* End PBXFileReference section */

/* Begin PBXFrameworksBuildPhase section */
		667D9BA82DA473BD0084FF81 /* Frameworks */ = {
			isa = PBXFrameworksBuildPhase;
			buildActionMask = 2147483647;
			files = (
			);
			runOnlyForDeploymentPostprocessing = 0;
		};
		667D9BB82DA473BE0084FF81 /* Frameworks */ = {
			isa = PBXFrameworksBuildPhase;
			buildActionMask = 2147483647;
			files = (
			);
			runOnlyForDeploymentPostprocessing = 0;
		};
		667D9BC22DA473BE0084FF81 /* Frameworks */ = {
			isa = PBXFrameworksBuildPhase;
			buildActionMask = 2147483647;
			files = (
			);
			runOnlyForDeploymentPostprocessing = 0;
		};
/* End PBXFrameworksBuildPhase section */

/* Begin PBXGroup section */
		667D9BA22DA473BD0084FF81 = {
			isa = PBXGroup;
			children = (
				667D9BAD2DA473BD0084FF81 /* TabsAndNavigation */,
				667D9BBE2DA473BE0084FF81 /* TabsAndNavigationTests */,
				667D9BC82DA473BE0084FF81 /* TabsAndNavigationUITests */,
				667D9BAC2DA473BD0084FF81 /* Products */,
			);
			sourceTree = "<group>";
		};
		667D9BAC2DA473BD0084FF81 /* Products */ = {
			isa = PBXGroup;
			children = (
				667D9BAB2DA473BD0084FF81 /* TabsAndNavigation.app */,
				667D9BBB2DA473BE0084FF81 /* TabsAndNavigationTests.xctest */,
				667D9BC52DA473BE0084FF81 /* TabsAndNavigationUITests.xctest */,
			);
			name = Products;
			sourceTree = "<group>";
		};
		667D9BAD2DA473BD0084FF81 /* TabsAndNavigation */ = {
			isa = PBXGroup;
			children = (
				667D9BDC2DA478460084FF81 /* ProfileView.swift */,
				667D9BDA2DA474080084FF81 /* SettingsView.swift */,
				667D9BD82DA473FD0084FF81 /* HomeView.swift */,
				667D9BAE2DA473BD0084FF81 /* TabsAndNavigationApp.swift */,
				667D9BB22DA473BE0084FF81 /* Assets.xcassets */,
				667D9BB02DA473BD0084FF81 /* ContentView.swift */,
				667D9BB42DA473BE0084FF81 /* Preview Content */,
			);
			path = TabsAndNavigation;
			sourceTree = "<group>";
		};
		667D9BB42DA473BE0084FF81 /* Preview Content */ = {
			isa = PBXGroup;
			children = (
				667D9BB52DA473BE0084FF81 /* Preview Assets.xcassets */,
			);
			path = "Preview Content";
			sourceTree = "<group>";
		};
		667D9BBE2DA473BE0084FF81 /* TabsAndNavigationTests */ = {
			isa = PBXGroup;
			children = (
				667D9BBF2DA473BE0084FF81 /* TabsAndNavigationTests.swift */,
			);
			path = TabsAndNavigationTests;
			sourceTree = "<group>";
		};
		667D9BC82DA473BE0084FF81 /* TabsAndNavigationUITests */ = {
			isa = PBXGroup;
			children = (
				667D9BC92DA473BE0084FF81 /* TabsAndNavigationUITests.swift */,
				667D9BCB2DA473BE0084FF81 /* TabsAndNavigationUITestsLaunchTests.swift */,
			);
			path = TabsAndNavigationUITests;
			sourceTree = "<group>";
		};
/* End PBXGroup section */

/* Begin PBXNativeTarget section */
		667D9BAA2DA473BD0084FF81 /* TabsAndNavigation */ = {
			isa = PBXNativeTarget;
			buildConfigurationList = 667D9BCF2DA473BE0084FF81 /* Build configuration list for PBXNativeTarget "TabsAndNavigation" */;
			buildPhases = (
				667D9BA72DA473BD0084FF81 /* Sources */,
				667D9BA82DA473BD0084FF81 /* Frameworks */,
				667D9BA92DA473BD0084FF81 /* Resources */,
			);
			buildRules = (
			);
			dependencies = (
			);
			name = TabsAndNavigation;
			productName = TabsAndNavigation;
			productReference = 667D9BAB2DA473BD0084FF81 /* TabsAndNavigation.app */;
			productType = "com.apple.product-type.application";
		};
		667D9BBA2DA473BE0084FF81 /* TabsAndNavigationTests */ = {
			isa = PBXNativeTarget;
			buildConfigurationList = 667D9BD22DA473BE0084FF81 /* Build configuration list for PBXNativeTarget "TabsAndNavigationTests" */;
			buildPhases = (
				667D9BB72DA473BE0084FF81 /* Sources */,
				667D9BB82DA473BE0084FF81 /* Frameworks */,
				667D9BB92DA473BE0084FF81 /* Resources */,
			);
			buildRules = (
			);
			dependencies = (
				667D9BBD2DA473BE0084FF81 /* PBXTargetDependency */,
			);
			name = TabsAndNavigationTests;
			productName = TabsAndNavigationTests;
			productReference = 667D9BBB2DA473BE0084FF81 /* TabsAndNavigationTests.xctest */;
			productType = "com.apple.product-type.bundle.unit-test";
		};
		667D9BC42DA473BE0084FF81 /* TabsAndNavigationUITests */ = {
			isa = PBXNativeTarget;
			buildConfigurationList = 667D9BD52DA473BE0084FF81 /* Build configuration list for PBXNativeTarget "TabsAndNavigationUITests" */;
			buildPhases = (
				667D9BC12DA473BE0084FF81 /* Sources */,
				667D9BC22DA473BE0084FF81 /* Frameworks */,
				667D9BC32DA473BE0084FF81 /* Resources */,
			);
			buildRules = (
			);
			dependencies = (
				667D9BC72DA473BE0084FF81 /* PBXTargetDependency */,
			);
			name = TabsAndNavigationUITests;
			productName = TabsAndNavigationUITests;
			productReference = 667D9BC52DA473BE0084FF81 /* TabsAndNavigationUITests.xctest */;
			productType = "com.apple.product-type.bundle.ui-testing";
		};
/* End PBXNativeTarget section */

/* Begin PBXProject section */
		667D9BA32DA473BD0084FF81 /* Project object */ = {
			isa = PBXProject;
			attributes = {
				BuildIndependentTargetsInParallel = 1;
				LastSwiftUpdateCheck = 1540;
				LastUpgradeCheck = 1540;
				TargetAttributes = {
					667D9BAA2DA473BD0084FF81 = {
						CreatedOnToolsVersion = 15.4;
					};
					667D9BBA2DA473BE0084FF81 = {
						CreatedOnToolsVersion = 15.4;
						TestTargetID = 667D9BAA2DA473BD0084FF81;
					};
					667D9BC42DA473BE0084FF81 = {
						CreatedOnToolsVersion = 15.4;
						TestTargetID = 667D9BAA2DA473BD0084FF81;
					};
				};
			};
			buildConfigurationList = 667D9BA62DA473BD0084FF81 /* Build configuration list for PBXProject "TabsAndNavigation" */;
			compatibilityVersion = "Xcode 14.0";
			developmentRegion = en;
			hasScannedForEncodings = 0;
			knownRegions = (
				en,
				Base,
			);
			mainGroup = 667D9BA22DA473BD0084FF81;
			productRefGroup = 667D9BAC2DA473BD0084FF81 /* Products */;
			projectDirPath = "";
			projectRoot = "";
			targets = (
				667D9BAA2DA473BD0084FF81 /* TabsAndNavigation */,
				667D9BBA2DA473BE0084FF81 /* TabsAndNavigationTests */,
				667D9BC42DA473BE0084FF81 /* TabsAndNavigationUITests */,
			);
		};
/* End PBXProject section */

/* Begin PBXResourcesBuildPhase section */
		667D9BA92DA473BD0084FF81 /* Resources */ = {
			isa = PBXResourcesBuildPhase;
			buildActionMask = 2147483647;
			files = (
				667D9BB62DA473BE0084FF81 /* Preview Assets.xcassets in Resources */,
				667D9BB32DA473BE0084FF81 /* Assets.xcassets in Resources */,
			);
			runOnlyForDeploymentPostprocessing = 0;
		};
		667D9BB92DA473BE0084FF81 /* Resources */ = {
			isa = PBXResourcesBuildPhase;
			buildActionMask = 2147483647;
			files = (
			);
			runOnlyForDeploymentPostprocessing = 0;
		};
		667D9BC32DA473BE0084FF81 /* Resources */ = {
			isa = PBXResourcesBuildPhase;
			buildActionMask = 2147483647;
			files = (
			);
			runOnlyForDeploymentPostprocessing = 0;
		};
/* End PBXResourcesBuildPhase section */

/* Begin PBXSourcesBuildPhase section */
		667D9BA72DA473BD0084FF81 /* Sources */ = {
			isa = PBXSourcesBuildPhase;
			buildActionMask = 2147483647;
			files = (
				667D9BB12DA473BD0084FF81 /* ContentView.swift in Sources */,
				667D9BDB2DA474080084FF81 /* SettingsView.swift in Sources */,
				667D9BDD2DA478460084FF81 /* ProfileView.swift in Sources */,
				667D9BAF2DA473BD0084FF81 /* TabsAndNavigationApp.swift in Sources */,
				667D9BD92DA473FD0084FF81 /* HomeView.swift in Sources */,
			);
			runOnlyForDeploymentPostprocessing = 0;
		};
		667D9BB72DA473BE0084FF81 /* Sources */ = {
			isa = PBXSourcesBuildPhase;
			buildActionMask = 2147483647;
			files = (
				667D9BC02DA473BE0084FF81 /* TabsAndNavigationTests.swift in Sources */,
			);
			runOnlyForDeploymentPostprocessing = 0;
		};
		667D9BC12DA473BE0084FF81 /* Sources */ = {
			isa = PBXSourcesBuildPhase;
			buildActionMask = 2147483647;
			files = (
				667D9BCC2DA473BE0084FF81 /* TabsAndNavigationUITestsLaunchTests.swift in Sources */,
				667D9BCA2DA473BE0084FF81 /* TabsAndNavigationUITests.swift in Sources */,
			);
			runOnlyForDeploymentPostprocessing = 0;
		};
/* End PBXSourcesBuildPhase section */

/* Begin PBXTargetDependency section */
		667D9BBD2DA473BE0084FF81 /* PBXTargetDependency */ = {
			isa = PBXTargetDependency;
			target = 667D9BAA2DA473BD0084FF81 /* TabsAndNavigation */;
			targetProxy = 667D9BBC2DA473BE0084FF81 /* PBXContainerItemProxy */;
		};
		667D9BC72DA473BE0084FF81 /* PBXTargetDependency */ = {
			isa = PBXTargetDependency;
			target = 667D9BAA2DA473BD0084FF81 /* TabsAndNavigation */;
			targetProxy = 667D9BC62DA473BE0084FF81 /* PBXContainerItemProxy */;
		};
/* End PBXTargetDependency section */

/* Begin XCBuildConfiguration section */
		667D9BCD2DA473BE0084FF81 /* Debug */ = {
			isa = XCBuildConfiguration;
			buildSettings = {
				ALWAYS_SEARCH_USER_PATHS = NO;
				ASSETCATALOG_COMPILER_GENERATE_SWIFT_ASSET_SYMBOL_EXTENSIONS = YES;
				CLANG_ANALYZER_NONNULL = YES;
				CLANG_ANALYZER_NUMBER_OBJECT_CONVERSION = YES_AGGRESSIVE;
				CLANG_CXX_LANGUAGE_STANDARD = "gnu++20";
				CLANG_ENABLE_MODULES = YES;
				CLANG_ENABLE_OBJC_ARC = YES;
				CLANG_ENABLE_OBJC_WEAK = YES;
				CLANG_WARN_BLOCK_CAPTURE_AUTORELEASING = YES;
				CLANG_WARN_BOOL_CONVERSION = YES;
				CLANG_WARN_COMMA = YES;
				CLANG_WARN_CONSTANT_CONVERSION = YES;
				CLANG_WARN_DEPRECATED_OBJC_IMPLEMENTATIONS = YES;
				CLANG_WARN_DIRECT_OBJC_ISA_USAGE = YES_ERROR;
				CLANG_WARN_DOCUMENTATION_COMMENTS = YES;
				CLANG_WARN_EMPTY_BODY = YES;
				CLANG_WARN_ENUM_CONVERSION = YES;
				CLANG_WARN_INFINITE_RECURSION = YES;
				CLANG_WARN_INT_CONVERSION = YES;
				CLANG_WARN_NON_LITERAL_NULL_CONVERSION = YES;
				CLANG_WARN_OBJC_IMPLICIT_RETAIN_SELF = YES;
				CLANG_WARN_OBJC_LITERAL_CONVERSION = YES;
				CLANG_WARN_OBJC_ROOT_CLASS = YES_ERROR;
				CLANG_WARN_QUOTED_INCLUDE_IN_FRAMEWORK_HEADER = YES;
				CLANG_WARN_RANGE_LOOP_ANALYSIS = YES;
				CLANG_WARN_STRICT_PROTOTYPES = YES;
				CLANG_WARN_SUSPICIOUS_MOVE = YES;
				CLANG_WARN_UNGUARDED_AVAILABILITY = YES_AGGRESSIVE;
				CLANG_WARN_UNREACHABLE_CODE = YES;
				CLANG_WARN__DUPLICATE_METHOD_MATCH = YES;
				COPY_PHASE_STRIP = NO;
				DEBUG_INFORMATION_FORMAT = dwarf;
				ENABLE_STRICT_OBJC_MSGSEND = YES;
				ENABLE_TESTABILITY = YES;
				ENABLE_USER_SCRIPT_SANDBOXING = YES;
				GCC_C_LANGUAGE_STANDARD = gnu17;
				GCC_DYNAMIC_NO_PIC = NO;
				GCC_NO_COMMON_BLOCKS = YES;
				GCC_OPTIMIZATION_LEVEL = 0;
				GCC_PREPROCESSOR_DEFINITIONS = (
					"DEBUG=1",
					"$(inherited)",
				);
				GCC_WARN_64_TO_32_BIT_CONVERSION = YES;
				GCC_WARN_ABOUT_RETURN_TYPE = YES_ERROR;
				GCC_WARN_UNDECLARED_SELECTOR = YES;
				GCC_WARN_UNINITIALIZED_AUTOS = YES_AGGRESSIVE;
				GCC_WARN_UNUSED_FUNCTION = YES;
				GCC_WARN_UNUSED_VARIABLE = YES;
				IPHONEOS_DEPLOYMENT_TARGET = 17.5;
				LOCALIZATION_PREFERS_STRING_CATALOGS = YES;
				MTL_ENABLE_DEBUG_INFO = INCLUDE_SOURCE;
				MTL_FAST_MATH = YES;
				ONLY_ACTIVE_ARCH = YES;
				SDKROOT = iphoneos;
				SWIFT_ACTIVE_COMPILATION_CONDITIONS = "DEBUG $(inherited)";
				SWIFT_OPTIMIZATION_LEVEL = "-Onone";
			};
			name = Debug;
		};
		667D9BCE2DA473BE0084FF81 /* Release */ = {
			isa = XCBuildConfiguration;
			buildSettings = {
				ALWAYS_SEARCH_USER_PATHS = NO;
				ASSETCATALOG_COMPILER_GENERATE_SWIFT_ASSET_SYMBOL_EXTENSIONS = YES;
				CLANG_ANALYZER_NONNULL = YES;
				CLANG_ANALYZER_NUMBER_OBJECT_CONVERSION = YES_AGGRESSIVE;
				CLANG_CXX_LANGUAGE_STANDARD = "gnu++20";
				CLANG_ENABLE_MODULES = YES;
				CLANG_ENABLE_OBJC_ARC = YES;
				CLANG_ENABLE_OBJC_WEAK = YES;
				CLANG_WARN_BLOCK_CAPTURE_AUTORELEASING = YES;
				CLANG_WARN_BOOL_CONVERSION = YES;
				CLANG_WARN_COMMA = YES;
				CLANG_WARN_CONSTANT_CONVERSION = YES;
				CLANG_WARN_DEPRECATED_OBJC_IMPLEMENTATIONS = YES;
				CLANG_WARN_DIRECT_OBJC_ISA_USAGE = YES_ERROR;
				CLANG_WARN_DOCUMENTATION_COMMENTS = YES;
				CLANG_WARN_EMPTY_BODY = YES;
				CLANG_WARN_ENUM_CONVERSION = YES;
				CLANG_WARN_INFINITE_RECURSION = YES;
				CLANG_WARN_INT_CONVERSION = YES;
				CLANG_WARN_NON_LITERAL_NULL_CONVERSION = YES;
				CLANG_WARN_OBJC_IMPLICIT_RETAIN_SELF = YES;
				CLANG_WARN_OBJC_LITERAL_CONVERSION = YES;
				CLANG_WARN_OBJC_ROOT_CLASS = YES_ERROR;
				CLANG_WARN_QUOTED_INCLUDE_IN_FRAMEWORK_HEADER = YES;
				CLANG_WARN_RANGE_LOOP_ANALYSIS = YES;
				CLANG_WARN_STRICT_PROTOTYPES = YES;
				CLANG_WARN_SUSPICIOUS_MOVE = YES;
				CLANG_WARN_UNGUARDED_AVAILABILITY = YES_AGGRESSIVE;
				CLANG_WARN_UNREACHABLE_CODE = YES;
				CLANG_WARN__DUPLICATE_METHOD_MATCH = YES;
				COPY_PHASE_STRIP = NO;
				DEBUG_INFORMATION_FORMAT = "dwarf-with-dsym";
				ENABLE_NS_ASSERTIONS = NO;
				ENABLE_STRICT_OBJC_MSGSEND = YES;
				ENABLE_USER_SCRIPT_SANDBOXING = YES;
				GCC_C_LANGUAGE_STANDARD = gnu17;
				GCC_NO_COMMON_BLOCKS = YES;
				GCC_WARN_64_TO_32_BIT_CONVERSION = YES;
				GCC_WARN_ABOUT_RETURN_TYPE = YES_ERROR;
				GCC_WARN_UNDECLARED_SELECTOR = YES;
				GCC_WARN_UNINITIALIZED_AUTOS = YES_AGGRESSIVE;
				GCC_WARN_UNUSED_FUNCTION = YES;
				GCC_WARN_UNUSED_VARIABLE = YES;
				IPHONEOS_DEPLOYMENT_TARGET = 17.5;
				LOCALIZATION_PREFERS_STRING_CATALOGS = YES;
				MTL_ENABLE_DEBUG_INFO = NO;
				MTL_FAST_MATH = YES;
				SDKROOT = iphoneos;
				SWIFT_COMPILATION_MODE = wholemodule;
				VALIDATE_PRODUCT = YES;
			};
			name = Release;
		};
		667D9BD02DA473BE0084FF81 /* Debug */ = {
			isa = XCBuildConfiguration;
			buildSettings = {
				ASSETCATALOG_COMPILER_APPICON_NAME = AppIcon;
				ASSETCATALOG_COMPILER_GLOBAL_ACCENT_COLOR_NAME = AccentColor;
				CODE_SIGN_STYLE = Automatic;
				CURRENT_PROJECT_VERSION = 1;
				DEVELOPMENT_ASSET_PATHS = "\"TabsAndNavigation/Preview Content\"";
				ENABLE_PREVIEWS = YES;
				GENERATE_INFOPLIST_FILE = YES;
				INFOPLIST_KEY_UIApplicationSceneManifest_Generation = YES;
				INFOPLIST_KEY_UIApplicationSupportsIndirectInputEvents = YES;
				INFOPLIST_KEY_UILaunchScreen_Generation = YES;
				INFOPLIST_KEY_UISupportedInterfaceOrientations_iPad = "UIInterfaceOrientationPortrait UIInterfaceOrientationPortraitUpsideDown UIInterfaceOrientationLandscapeLeft UIInterfaceOrientationLandscapeRight";
				INFOPLIST_KEY_UISupportedInterfaceOrientations_iPhone = "UIInterfaceOrientationPortrait UIInterfaceOrientationLandscapeLeft UIInterfaceOrientationLandscapeRight";
				LD_RUNPATH_SEARCH_PATHS = (
					"$(inherited)",
					"@executable_path/Frameworks",
				);
				MARKETING_VERSION = 1.0;
				PRODUCT_BUNDLE_IDENTIFIER = name.yizhenzhu.TabsAndNavigation;
				PRODUCT_NAME = "$(TARGET_NAME)";
				SWIFT_EMIT_LOC_STRINGS = YES;
				SWIFT_VERSION = 5.0;
				TARGETED_DEVICE_FAMILY = "1,2";
			};
			name = Debug;
		};
		667D9BD12DA473BE0084FF81 /* Release */ = {
			isa = XCBuildConfiguration;
			buildSettings = {
				ASSETCATALOG_COMPILER_APPICON_NAME = AppIcon;
				ASSETCATALOG_COMPILER_GLOBAL_ACCENT_COLOR_NAME = AccentColor;
				CODE_SIGN_STYLE = Automatic;
				CURRENT_PROJECT_VERSION = 1;
				DEVELOPMENT_ASSET_PATHS = "\"TabsAndNavigation/Preview Content\"";
				ENABLE_PREVIEWS = YES;
				GENERATE_INFOPLIST_FILE = YES;
				INFOPLIST_KEY_UIApplicationSceneManifest_Generation = YES;
				INFOPLIST_KEY_UIApplicationSupportsIndirectInputEvents = YES;
				INFOPLIST_KEY_UILaunchScreen_Generation = YES;
				INFOPLIST_KEY_UISupportedInterfaceOrientations_iPad = "UIInterfaceOrientationPortrait UIInterfaceOrientationPortraitUpsideDown UIInterfaceOrientationLandscapeLeft UIInterfaceOrientationLandscapeRight";
				INFOPLIST_KEY_UISupportedInterfaceOrientations_iPhone = "UIInterfaceOrientationPortrait UIInterfaceOrientationLandscapeLeft UIInterfaceOrientationLandscapeRight";
				LD_RUNPATH_SEARCH_PATHS = (
					"$(inherited)",
					"@executable_path/Frameworks",
				);
				MARKETING_VERSION = 1.0;
				PRODUCT_BUNDLE_IDENTIFIER = name.yizhenzhu.TabsAndNavigation;
				PRODUCT_NAME = "$(TARGET_NAME)";
				SWIFT_EMIT_LOC_STRINGS = YES;
				SWIFT_VERSION = 5.0;
				TARGETED_DEVICE_FAMILY = "1,2";
			};
			name = Release;
		};
		667D9BD32DA473BE0084FF81 /* Debug */ = {
			isa = XCBuildConfiguration;
			buildSettings = {
				ALWAYS_EMBED_SWIFT_STANDARD_LIBRARIES = YES;
				BUNDLE_LOADER = "$(TEST_HOST)";
				CODE_SIGN_STYLE = Automatic;
				CURRENT_PROJECT_VERSION = 1;
				GENERATE_INFOPLIST_FILE = YES;
				IPHONEOS_DEPLOYMENT_TARGET = 17.5;
				MARKETING_VERSION = 1.0;
				PRODUCT_BUNDLE_IDENTIFIER = name.yizhenzhu.TabsAndNavigationTests;
				PRODUCT_NAME = "$(TARGET_NAME)";
				SWIFT_EMIT_LOC_STRINGS = NO;
				SWIFT_VERSION = 5.0;
				TARGETED_DEVICE_FAMILY = "1,2";
				TEST_HOST = "$(BUILT_PRODUCTS_DIR)/TabsAndNavigation.app/$(BUNDLE_EXECUTABLE_FOLDER_PATH)/TabsAndNavigation";
			};
			name = Debug;
		};
		667D9BD42DA473BE0084FF81 /* Release */ = {
			isa = XCBuildConfiguration;
			buildSettings = {
				ALWAYS_EMBED_SWIFT_STANDARD_LIBRARIES = YES;
				BUNDLE_LOADER = "$(TEST_HOST)";
				CODE_SIGN_STYLE = Automatic;
				CURRENT_PROJECT_VERSION = 1;
				GENERATE_INFOPLIST_FILE = YES;
				IPHONEOS_DEPLOYMENT_TARGET = 17.5;
				MARKETING_VERSION = 1.0;
				PRODUCT_BUNDLE_IDENTIFIER = name.yizhenzhu.TabsAndNavigationTests;
				PRODUCT_NAME = "$(TARGET_NAME)";
				SWIFT_EMIT_LOC_STRINGS = NO;
				SWIFT_VERSION = 5.0;
				TARGETED_DEVICE_FAMILY = "1,2";
				TEST_HOST = "$(BUILT_PRODUCTS_DIR)/TabsAndNavigation.app/$(BUNDLE_EXECUTABLE_FOLDER_PATH)/TabsAndNavigation";
			};
			name = Release;
		};
		667D9BD62DA473BE0084FF81 /* Debug */ = {
			isa = XCBuildConfiguration;
			buildSettings = {
				ALWAYS_EMBED_SWIFT_STANDARD_LIBRARIES = YES;
				CODE_SIGN_STYLE = Automatic;
				CURRENT_PROJECT_VERSION = 1;
				GENERATE_INFOPLIST_FILE = YES;
				MARKETING_VERSION = 1.0;
				PRODUCT_BUNDLE_IDENTIFIER = name.yizhenzhu.TabsAndNavigationUITests;
				PRODUCT_NAME = "$(TARGET_NAME)";
				SWIFT_EMIT_LOC_STRINGS = NO;
				SWIFT_VERSION = 5.0;
				TARGETED_DEVICE_FAMILY = "1,2";
				TEST_TARGET_NAME = TabsAndNavigation;
			};
			name = Debug;
		};
		667D9BD72DA473BE0084FF81 /* Release */ = {
			isa = XCBuildConfiguration;
			buildSettings = {
				ALWAYS_EMBED_SWIFT_STANDARD_LIBRARIES = YES;
				CODE_SIGN_STYLE = Automatic;
				CURRENT_PROJECT_VERSION = 1;
				GENERATE_INFOPLIST_FILE = YES;
				MARKETING_VERSION = 1.0;
				PRODUCT_BUNDLE_IDENTIFIER = name.yizhenzhu.TabsAndNavigationUITests;
				PRODUCT_NAME = "$(TARGET_NAME)";
				SWIFT_EMIT_LOC_STRINGS = NO;
				SWIFT_VERSION = 5.0;
				TARGETED_DEVICE_FAMILY = "1,2";
				TEST_TARGET_NAME = TabsAndNavigation;
			};
			name = Release;
		};
/* End XCBuildConfiguration section */

/* Begin XCConfigurationList section */
		667D9BA62DA473BD0084FF81 /* Build configuration list for PBXProject "TabsAndNavigation" */ = {
			isa = XCConfigurationList;
			buildConfigurations = (
				667D9BCD2DA473BE0084FF81 /* Debug */,
				667D9BCE2DA473BE0084FF81 /* Release */,
			);
			defaultConfigurationIsVisible = 0;
			defaultConfigurationName = Release;
		};
		667D9BCF2DA473BE0084FF81 /* Build configuration list for PBXNativeTarget "TabsAndNavigation" */ = {
			isa = XCConfigurationList;
			buildConfigurations = (
				667D9BD02DA473BE0084FF81 /* Debug */,
				667D9BD12DA473BE0084FF81 /* Release */,
			);
			defaultConfigurationIsVisible = 0;
			defaultConfigurationName = Release;
		};
		667D9BD22DA473BE0084FF81 /* Build configuration list for PBXNativeTarget "TabsAndNavigationTests" */ = {
			isa = XCConfigurationList;
			buildConfigurations = (
				667D9BD32DA473BE0084FF81 /* Debug */,
				667D9BD42DA473BE0084FF81 /* Release */,
			);
			defaultConfigurationIsVisible = 0;
			defaultConfigurationName = Release;
		};
		667D9BD52DA473BE0084FF81 /* Build configuration list for PBXNativeTarget "TabsAndNavigationUITests" */ = {
			isa = XCConfigurationList;
			buildConfigurations = (
				667D9BD62DA473BE0084FF81 /* Debug */,
				667D9BD72DA473BE0084FF81 /* Release */,
			);
			defaultConfigurationIsVisible = 0;
			defaultConfigurationName = Release;
		};
/* End XCConfigurationList section */
	};
	rootObject = 667D9BA32DA473BD0084FF81 /* Project object */;
}
