// !$*UTF8*$!
{
	archiveVersion = 1;
	classes = {
	};
	objectVersion = 56;
	objects = {

/* Begin PBXBuildFile section */
		663C45952DC52CF900D3F2FC /* Pick_a_PalApp.swift in Sources */ = {isa = PBXBuildFile; fileRef = 663C45942DC52CF900D3F2FC /* Pick_a_PalApp.swift */; };
		663C45972DC52CF900D3F2FC /* ContentView.swift in Sources */ = {isa = PBXBuildFile; fileRef = 663C45962DC52CF900D3F2FC /* ContentView.swift */; };
		663C45992DC52CFA00D3F2FC /* Assets.xcassets in Resources */ = {isa = PBXBuildFile; fileRef = 663C45982DC52CFA00D3F2FC /* Assets.xcassets */; };
		663C459C2DC52CFA00D3F2FC /* Preview Assets.xcassets in Resources */ = {isa = PBXBuildFile; fileRef = 663C459B2DC52CFA00D3F2FC /* Preview Assets.xcassets */; };
		663C45A62DC52CFA00D3F2FC /* Pick_a_PalTests.swift in Sources */ = {isa = PBXBuildFile; fileRef = 663C45A52DC52CFA00D3F2FC /* Pick_a_PalTests.swift */; };
		663C45B02DC52CFA00D3F2FC /* Pick_a_PalUITests.swift in Sources */ = {isa = PBXBuildFile; fileRef = 663C45AF2DC52CFA00D3F2FC /* Pick_a_PalUITests.swift */; };
		663C45B22DC52CFA00D3F2FC /* Pick_a_PalUITestsLaunchTests.swift in Sources */ = {isa = PBXBuildFile; fileRef = 663C45B12DC52CFA00D3F2FC /* Pick_a_PalUITestsLaunchTests.swift */; };
/* End PBXBuildFile section */

/* Begin PBXContainerItemProxy section */
		663C45A22DC52CFA00D3F2FC /* PBXContainerItemProxy */ = {
			isa = PBXContainerItemProxy;
			containerPortal = 663C45892DC52CF900D3F2FC /* Project object */;
			proxyType = 1;
			remoteGlobalIDString = 663C45902DC52CF900D3F2FC;
			remoteInfo = "Pick-a-Pal";
		};
		663C45AC2DC52CFA00D3F2FC /* PBXContainerItemProxy */ = {
			isa = PBXContainerItemProxy;
			containerPortal = 663C45892DC52CF900D3F2FC /* Project object */;
			proxyType = 1;
			remoteGlobalIDString = 663C45902DC52CF900D3F2FC;
			remoteInfo = "Pick-a-Pal";
		};
/* End PBXContainerItemProxy section */

/* Begin PBXFileReference section */
		663C45912DC52CF900D3F2FC /* Pick-a-Pal.app */ = {isa = PBXFileReference; explicitFileType = wrapper.application; includeInIndex = 0; path = "Pick-a-Pal.app"; sourceTree = BUILT_PRODUCTS_DIR; };
		663C45942DC52CF900D3F2FC /* Pick_a_PalApp.swift */ = {isa = PBXFileReference; lastKnownFileType = sourcecode.swift; path = Pick_a_PalApp.swift; sourceTree = "<group>"; };
		663C45962DC52CF900D3F2FC /* ContentView.swift */ = {isa = PBXFileReference; lastKnownFileType = sourcecode.swift; path = ContentView.swift; sourceTree = "<group>"; };
		663C45982DC52CFA00D3F2FC /* Assets.xcassets */ = {isa = PBXFileReference; lastKnownFileType = folder.assetcatalog; path = Assets.xcassets; sourceTree = "<group>"; };
		663C459B2DC52CFA00D3F2FC /* Preview Assets.xcassets */ = {isa = PBXFileReference; lastKnownFileType = folder.assetcatalog; path = "Preview Assets.xcassets"; sourceTree = "<group>"; };
		663C45A12DC52CFA00D3F2FC /* Pick-a-PalTests.xctest */ = {isa = PBXFileReference; explicitFileType = wrapper.cfbundle; includeInIndex = 0; path = "Pick-a-PalTests.xctest"; sourceTree = BUILT_PRODUCTS_DIR; };
		663C45A52DC52CFA00D3F2FC /* Pick_a_PalTests.swift */ = {isa = PBXFileReference; lastKnownFileType = sourcecode.swift; path = Pick_a_PalTests.swift; sourceTree = "<group>"; };
		663C45AB2DC52CFA00D3F2FC /* Pick-a-PalUITests.xctest */ = {isa = PBXFileReference; explicitFileType = wrapper.cfbundle; includeInIndex = 0; path = "Pick-a-PalUITests.xctest"; sourceTree = BUILT_PRODUCTS_DIR; };
		663C45AF2DC52CFA00D3F2FC /* Pick_a_PalUITests.swift */ = {isa = PBXFileReference; lastKnownFileType = sourcecode.swift; path = Pick_a_PalUITests.swift; sourceTree = "<group>"; };
		663C45B12DC52CFA00D3F2FC /* Pick_a_PalUITestsLaunchTests.swift */ = {isa = PBXFileReference; lastKnownFileType = sourcecode.swift; path = Pick_a_PalUITestsLaunchTests.swift; sourceTree = "<group>"; };
/* End PBXFileReference section */

/* Begin PBXFrameworksBuildPhase section */
		663C458E2DC52CF900D3F2FC /* Frameworks */ = {
			isa = PBXFrameworksBuildPhase;
			buildActionMask = 2147483647;
			files = (
			);
			runOnlyForDeploymentPostprocessing = 0;
		};
		663C459E2DC52CFA00D3F2FC /* Frameworks */ = {
			isa = PBXFrameworksBuildPhase;
			buildActionMask = 2147483647;
			files = (
			);
			runOnlyForDeploymentPostprocessing = 0;
		};
		663C45A82DC52CFA00D3F2FC /* Frameworks */ = {
			isa = PBXFrameworksBuildPhase;
			buildActionMask = 2147483647;
			files = (
			);
			runOnlyForDeploymentPostprocessing = 0;
		};
/* End PBXFrameworksBuildPhase section */

/* Begin PBXGroup section */
		663C45882DC52CF900D3F2FC = {
			isa = PBXGroup;
			children = (
				663C45932DC52CF900D3F2FC /* Pick-a-Pal */,
				663C45A42DC52CFA00D3F2FC /* Pick-a-PalTests */,
				663C45AE2DC52CFA00D3F2FC /* Pick-a-PalUITests */,
				663C45922DC52CF900D3F2FC /* Products */,
			);
			sourceTree = "<group>";
		};
		663C45922DC52CF900D3F2FC /* Products */ = {
			isa = PBXGroup;
			children = (
				663C45912DC52CF900D3F2FC /* Pick-a-Pal.app */,
				663C45A12DC52CFA00D3F2FC /* Pick-a-PalTests.xctest */,
				663C45AB2DC52CFA00D3F2FC /* Pick-a-PalUITests.xctest */,
			);
			name = Products;
			sourceTree = "<group>";
		};
		663C45932DC52CF900D3F2FC /* Pick-a-Pal */ = {
			isa = PBXGroup;
			children = (
				663C45942DC52CF900D3F2FC /* Pick_a_PalApp.swift */,
				663C45962DC52CF900D3F2FC /* ContentView.swift */,
				663C45982DC52CFA00D3F2FC /* Assets.xcassets */,
				663C459A2DC52CFA00D3F2FC /* Preview Content */,
			);
			path = "Pick-a-Pal";
			sourceTree = "<group>";
		};
		663C459A2DC52CFA00D3F2FC /* Preview Content */ = {
			isa = PBXGroup;
			children = (
				663C459B2DC52CFA00D3F2FC /* Preview Assets.xcassets */,
			);
			path = "Preview Content";
			sourceTree = "<group>";
		};
		663C45A42DC52CFA00D3F2FC /* Pick-a-PalTests */ = {
			isa = PBXGroup;
			children = (
				663C45A52DC52CFA00D3F2FC /* Pick_a_PalTests.swift */,
			);
			path = "Pick-a-PalTests";
			sourceTree = "<group>";
		};
		663C45AE2DC52CFA00D3F2FC /* Pick-a-PalUITests */ = {
			isa = PBXGroup;
			children = (
				663C45AF2DC52CFA00D3F2FC /* Pick_a_PalUITests.swift */,
				663C45B12DC52CFA00D3F2FC /* Pick_a_PalUITestsLaunchTests.swift */,
			);
			path = "Pick-a-PalUITests";
			sourceTree = "<group>";
		};
/* End PBXGroup section */

/* Begin PBXNativeTarget section */
		663C45902DC52CF900D3F2FC /* Pick-a-Pal */ = {
			isa = PBXNativeTarget;
			buildConfigurationList = 663C45B52DC52CFA00D3F2FC /* Build configuration list for PBXNativeTarget "Pick-a-Pal" */;
			buildPhases = (
				663C458D2DC52CF900D3F2FC /* Sources */,
				663C458E2DC52CF900D3F2FC /* Frameworks */,
				663C458F2DC52CF900D3F2FC /* Resources */,
			);
			buildRules = (
			);
			dependencies = (
			);
			name = "Pick-a-Pal";
			productName = "Pick-a-Pal";
			productReference = 663C45912DC52CF900D3F2FC /* Pick-a-Pal.app */;
			productType = "com.apple.product-type.application";
		};
		663C45A02DC52CFA00D3F2FC /* Pick-a-PalTests */ = {
			isa = PBXNativeTarget;
			buildConfigurationList = 663C45B82DC52CFA00D3F2FC /* Build configuration list for PBXNativeTarget "Pick-a-PalTests" */;
			buildPhases = (
				663C459D2DC52CFA00D3F2FC /* Sources */,
				663C459E2DC52CFA00D3F2FC /* Frameworks */,
				663C459F2DC52CFA00D3F2FC /* Resources */,
			);
			buildRules = (
			);
			dependencies = (
				663C45A32DC52CFA00D3F2FC /* PBXTargetDependency */,
			);
			name = "Pick-a-PalTests";
			productName = "Pick-a-PalTests";
			productReference = 663C45A12DC52CFA00D3F2FC /* Pick-a-PalTests.xctest */;
			productType = "com.apple.product-type.bundle.unit-test";
		};
		663C45AA2DC52CFA00D3F2FC /* Pick-a-PalUITests */ = {
			isa = PBXNativeTarget;
			buildConfigurationList = 663C45BB2DC52CFA00D3F2FC /* Build configuration list for PBXNativeTarget "Pick-a-PalUITests" */;
			buildPhases = (
				663C45A72DC52CFA00D3F2FC /* Sources */,
				663C45A82DC52CFA00D3F2FC /* Frameworks */,
				663C45A92DC52CFA00D3F2FC /* Resources */,
			);
			buildRules = (
			);
			dependencies = (
				663C45AD2DC52CFA00D3F2FC /* PBXTargetDependency */,
			);
			name = "Pick-a-PalUITests";
			productName = "Pick-a-PalUITests";
			productReference = 663C45AB2DC52CFA00D3F2FC /* Pick-a-PalUITests.xctest */;
			productType = "com.apple.product-type.bundle.ui-testing";
		};
/* End PBXNativeTarget section */

/* Begin PBXProject section */
		663C45892DC52CF900D3F2FC /* Project object */ = {
			isa = PBXProject;
			attributes = {
				BuildIndependentTargetsInParallel = 1;
				LastSwiftUpdateCheck = 1540;
				LastUpgradeCheck = 1540;
				TargetAttributes = {
					663C45902DC52CF900D3F2FC = {
						CreatedOnToolsVersion = 15.4;
					};
					663C45A02DC52CFA00D3F2FC = {
						CreatedOnToolsVersion = 15.4;
						TestTargetID = 663C45902DC52CF900D3F2FC;
					};
					663C45AA2DC52CFA00D3F2FC = {
						CreatedOnToolsVersion = 15.4;
						TestTargetID = 663C45902DC52CF900D3F2FC;
					};
				};
			};
			buildConfigurationList = 663C458C2DC52CF900D3F2FC /* Build configuration list for PBXProject "Pick-a-Pal" */;
			compatibilityVersion = "Xcode 14.0";
			developmentRegion = en;
			hasScannedForEncodings = 0;
			knownRegions = (
				en,
				Base,
			);
			mainGroup = 663C45882DC52CF900D3F2FC;
			productRefGroup = 663C45922DC52CF900D3F2FC /* Products */;
			projectDirPath = "";
			projectRoot = "";
			targets = (
				663C45902DC52CF900D3F2FC /* Pick-a-Pal */,
				663C45A02DC52CFA00D3F2FC /* Pick-a-PalTests */,
				663C45AA2DC52CFA00D3F2FC /* Pick-a-PalUITests */,
			);
		};
/* End PBXProject section */

/* Begin PBXResourcesBuildPhase section */
		663C458F2DC52CF900D3F2FC /* Resources */ = {
			isa = PBXResourcesBuildPhase;
			buildActionMask = 2147483647;
			files = (
				663C459C2DC52CFA00D3F2FC /* Preview Assets.xcassets in Resources */,
				663C45992DC52CFA00D3F2FC /* Assets.xcassets in Resources */,
			);
			runOnlyForDeploymentPostprocessing = 0;
		};
		663C459F2DC52CFA00D3F2FC /* Resources */ = {
			isa = PBXResourcesBuildPhase;
			buildActionMask = 2147483647;
			files = (
			);
			runOnlyForDeploymentPostprocessing = 0;
		};
		663C45A92DC52CFA00D3F2FC /* Resources */ = {
			isa = PBXResourcesBuildPhase;
			buildActionMask = 2147483647;
			files = (
			);
			runOnlyForDeploymentPostprocessing = 0;
		};
/* End PBXResourcesBuildPhase section */

/* Begin PBXSourcesBuildPhase section */
		663C458D2DC52CF900D3F2FC /* Sources */ = {
			isa = PBXSourcesBuildPhase;
			buildActionMask = 2147483647;
			files = (
				663C45972DC52CF900D3F2FC /* ContentView.swift in Sources */,
				663C45952DC52CF900D3F2FC /* Pick_a_PalApp.swift in Sources */,
			);
			runOnlyForDeploymentPostprocessing = 0;
		};
		663C459D2DC52CFA00D3F2FC /* Sources */ = {
			isa = PBXSourcesBuildPhase;
			buildActionMask = 2147483647;
			files = (
				663C45A62DC52CFA00D3F2FC /* Pick_a_PalTests.swift in Sources */,
			);
			runOnlyForDeploymentPostprocessing = 0;
		};
		663C45A72DC52CFA00D3F2FC /* Sources */ = {
			isa = PBXSourcesBuildPhase;
			buildActionMask = 2147483647;
			files = (
				663C45B02DC52CFA00D3F2FC /* Pick_a_PalUITests.swift in Sources */,
				663C45B22DC52CFA00D3F2FC /* Pick_a_PalUITestsLaunchTests.swift in Sources */,
			);
			runOnlyForDeploymentPostprocessing = 0;
		};
/* End PBXSourcesBuildPhase section */

/* Begin PBXTargetDependency section */
		663C45A32DC52CFA00D3F2FC /* PBXTargetDependency */ = {
			isa = PBXTargetDependency;
			target = 663C45902DC52CF900D3F2FC /* Pick-a-Pal */;
			targetProxy = 663C45A22DC52CFA00D3F2FC /* PBXContainerItemProxy */;
		};
		663C45AD2DC52CFA00D3F2FC /* PBXTargetDependency */ = {
			isa = PBXTargetDependency;
			target = 663C45902DC52CF900D3F2FC /* Pick-a-Pal */;
			targetProxy = 663C45AC2DC52CFA00D3F2FC /* PBXContainerItemProxy */;
		};
/* End PBXTargetDependency section */

/* Begin XCBuildConfiguration section */
		663C45B32DC52CFA00D3F2FC /* Debug */ = {
			isa = XCBuildConfiguration;
			buildSettings = {
				ALWAYS_SEARCH_USER_PATHS = NO;
				ASSETCATALOG_COMPILER_GENERATE_SWIFT_ASSET_SYMBOL_EXTENSIONS = YES;
				CLANG_ANALYZER_NONNULL = YES;
				CLANG_ANALYZER_NUMBER_OBJECT_CONVERSION = YES_AGGRESSIVE;
				CLANG_CXX_LANGUAGE_STANDARD = "gnu++20";
				CLANG_ENABLE_MODULES = YES;
				CLANG_ENABLE_OBJC_ARC = YES;
				CLANG_ENABLE_OBJC_WEAK = YES;
				CLANG_WARN_BLOCK_CAPTURE_AUTORELEASING = YES;
				CLANG_WARN_BOOL_CONVERSION = YES;
				CLANG_WARN_COMMA = YES;
				CLANG_WARN_CONSTANT_CONVERSION = YES;
				CLANG_WARN_DEPRECATED_OBJC_IMPLEMENTATIONS = YES;
				CLANG_WARN_DIRECT_OBJC_ISA_USAGE = YES_ERROR;
				CLANG_WARN_DOCUMENTATION_COMMENTS = YES;
				CLANG_WARN_EMPTY_BODY = YES;
				CLANG_WARN_ENUM_CONVERSION = YES;
				CLANG_WARN_INFINITE_RECURSION = YES;
				CLANG_WARN_INT_CONVERSION = YES;
				CLANG_WARN_NON_LITERAL_NULL_CONVERSION = YES;
				CLANG_WARN_OBJC_IMPLICIT_RETAIN_SELF = YES;
				CLANG_WARN_OBJC_LITERAL_CONVERSION = YES;
				CLANG_WARN_OBJC_ROOT_CLASS = YES_ERROR;
				CLANG_WARN_QUOTED_INCLUDE_IN_FRAMEWORK_HEADER = YES;
				CLANG_WARN_RANGE_LOOP_ANALYSIS = YES;
				CLANG_WARN_STRICT_PROTOTYPES = YES;
				CLANG_WARN_SUSPICIOUS_MOVE = YES;
				CLANG_WARN_UNGUARDED_AVAILABILITY = YES_AGGRESSIVE;
				CLANG_WARN_UNREACHABLE_CODE = YES;
				CLANG_WARN__DUPLICATE_METHOD_MATCH = YES;
				COPY_PHASE_STRIP = NO;
				DEBUG_INFORMATION_FORMAT = dwarf;
				ENABLE_STRICT_OBJC_MSGSEND = YES;
				ENABLE_TESTABILITY = YES;
				ENABLE_USER_SCRIPT_SANDBOXING = YES;
				GCC_C_LANGUAGE_STANDARD = gnu17;
				GCC_DYNAMIC_NO_PIC = NO;
				GCC_NO_COMMON_BLOCKS = YES;
				GCC_OPTIMIZATION_LEVEL = 0;
				GCC_PREPROCESSOR_DEFINITIONS = (
					"DEBUG=1",
					"$(inherited)",
				);
				GCC_WARN_64_TO_32_BIT_CONVERSION = YES;
				GCC_WARN_ABOUT_RETURN_TYPE = YES_ERROR;
				GCC_WARN_UNDECLARED_SELECTOR = YES;
				GCC_WARN_UNINITIALIZED_AUTOS = YES_AGGRESSIVE;
				GCC_WARN_UNUSED_FUNCTION = YES;
				GCC_WARN_UNUSED_VARIABLE = YES;
				IPHONEOS_DEPLOYMENT_TARGET = 17.5;
				LOCALIZATION_PREFERS_STRING_CATALOGS = YES;
				MTL_ENABLE_DEBUG_INFO = INCLUDE_SOURCE;
				MTL_FAST_MATH = YES;
				ONLY_ACTIVE_ARCH = YES;
				SDKROOT = iphoneos;
				SWIFT_ACTIVE_COMPILATION_CONDITIONS = "DEBUG $(inherited)";
				SWIFT_OPTIMIZATION_LEVEL = "-Onone";
			};
			name = Debug;
		};
		663C45B42DC52CFA00D3F2FC /* Release */ = {
			isa = XCBuildConfiguration;
			buildSettings = {
				ALWAYS_SEARCH_USER_PATHS = NO;
				ASSETCATALOG_COMPILER_GENERATE_SWIFT_ASSET_SYMBOL_EXTENSIONS = YES;
				CLANG_ANALYZER_NONNULL = YES;
				CLANG_ANALYZER_NUMBER_OBJECT_CONVERSION = YES_AGGRESSIVE;
				CLANG_CXX_LANGUAGE_STANDARD = "gnu++20";
				CLANG_ENABLE_MODULES = YES;
				CLANG_ENABLE_OBJC_ARC = YES;
				CLANG_ENABLE_OBJC_WEAK = YES;
				CLANG_WARN_BLOCK_CAPTURE_AUTORELEASING = YES;
				CLANG_WARN_BOOL_CONVERSION = YES;
				CLANG_WARN_COMMA = YES;
				CLANG_WARN_CONSTANT_CONVERSION = YES;
				CLANG_WARN_DEPRECATED_OBJC_IMPLEMENTATIONS = YES;
				CLANG_WARN_DIRECT_OBJC_ISA_USAGE = YES_ERROR;
				CLANG_WARN_DOCUMENTATION_COMMENTS = YES;
				CLANG_WARN_EMPTY_BODY = YES;
				CLANG_WARN_ENUM_CONVERSION = YES;
				CLANG_WARN_INFINITE_RECURSION = YES;
				CLANG_WARN_INT_CONVERSION = YES;
				CLANG_WARN_NON_LITERAL_NULL_CONVERSION = YES;
				CLANG_WARN_OBJC_IMPLICIT_RETAIN_SELF = YES;
				CLANG_WARN_OBJC_LITERAL_CONVERSION = YES;
				CLANG_WARN_OBJC_ROOT_CLASS = YES_ERROR;
				CLANG_WARN_QUOTED_INCLUDE_IN_FRAMEWORK_HEADER = YES;
				CLANG_WARN_RANGE_LOOP_ANALYSIS = YES;
				CLANG_WARN_STRICT_PROTOTYPES = YES;
				CLANG_WARN_SUSPICIOUS_MOVE = YES;
				CLANG_WARN_UNGUARDED_AVAILABILITY = YES_AGGRESSIVE;
				CLANG_WARN_UNREACHABLE_CODE = YES;
				CLANG_WARN__DUPLICATE_METHOD_MATCH = YES;
				COPY_PHASE_STRIP = NO;
				DEBUG_INFORMATION_FORMAT = "dwarf-with-dsym";
				ENABLE_NS_ASSERTIONS = NO;
				ENABLE_STRICT_OBJC_MSGSEND = YES;
				ENABLE_USER_SCRIPT_SANDBOXING = YES;
				GCC_C_LANGUAGE_STANDARD = gnu17;
				GCC_NO_COMMON_BLOCKS = YES;
				GCC_WARN_64_TO_32_BIT_CONVERSION = YES;
				GCC_WARN_ABOUT_RETURN_TYPE = YES_ERROR;
				GCC_WARN_UNDECLARED_SELECTOR = YES;
				GCC_WARN_UNINITIALIZED_AUTOS = YES_AGGRESSIVE;
				GCC_WARN_UNUSED_FUNCTION = YES;
				GCC_WARN_UNUSED_VARIABLE = YES;
				IPHONEOS_DEPLOYMENT_TARGET = 17.5;
				LOCALIZATION_PREFERS_STRING_CATALOGS = YES;
				MTL_ENABLE_DEBUG_INFO = NO;
				MTL_FAST_MATH = YES;
				SDKROOT = iphoneos;
				SWIFT_COMPILATION_MODE = wholemodule;
				VALIDATE_PRODUCT = YES;
			};
			name = Release;
		};
		663C45B62DC52CFA00D3F2FC /* Debug */ = {
			isa = XCBuildConfiguration;
			buildSettings = {
				ASSETCATALOG_COMPILER_APPICON_NAME = AppIcon;
				ASSETCATALOG_COMPILER_GLOBAL_ACCENT_COLOR_NAME = AccentColor;
				CODE_SIGN_STYLE = Automatic;
				CURRENT_PROJECT_VERSION = 1;
				DEVELOPMENT_ASSET_PATHS = "\"Pick-a-Pal/Preview Content\"";
				ENABLE_PREVIEWS = YES;
				GENERATE_INFOPLIST_FILE = YES;
				INFOPLIST_KEY_UIApplicationSceneManifest_Generation = YES;
				INFOPLIST_KEY_UIApplicationSupportsIndirectInputEvents = YES;
				INFOPLIST_KEY_UILaunchScreen_Generation = YES;
				INFOPLIST_KEY_UISupportedInterfaceOrientations_iPad = "UIInterfaceOrientationPortrait UIInterfaceOrientationPortraitUpsideDown UIInterfaceOrientationLandscapeLeft UIInterfaceOrientationLandscapeRight";
				INFOPLIST_KEY_UISupportedInterfaceOrientations_iPhone = "UIInterfaceOrientationPortrait UIInterfaceOrientationLandscapeLeft UIInterfaceOrientationLandscapeRight";
				LD_RUNPATH_SEARCH_PATHS = (
					"$(inherited)",
					"@executable_path/Frameworks",
				);
				MARKETING_VERSION = 1.0;
				PRODUCT_BUNDLE_IDENTIFIER = "name.yizhenzhu.Pick-a-Pal";
				PRODUCT_NAME = "$(TARGET_NAME)";
				SWIFT_EMIT_LOC_STRINGS = YES;
				SWIFT_VERSION = 5.0;
				TARGETED_DEVICE_FAMILY = "1,2";
			};
			name = Debug;
		};
		663C45B72DC52CFA00D3F2FC /* Release */ = {
			isa = XCBuildConfiguration;
			buildSettings = {
				ASSETCATALOG_COMPILER_APPICON_NAME = AppIcon;
				ASSETCATALOG_COMPILER_GLOBAL_ACCENT_COLOR_NAME = AccentColor;
				CODE_SIGN_STYLE = Automatic;
				CURRENT_PROJECT_VERSION = 1;
				DEVELOPMENT_ASSET_PATHS = "\"Pick-a-Pal/Preview Content\"";
				ENABLE_PREVIEWS = YES;
				GENERATE_INFOPLIST_FILE = YES;
				INFOPLIST_KEY_UIApplicationSceneManifest_Generation = YES;
				INFOPLIST_KEY_UIApplicationSupportsIndirectInputEvents = YES;
				INFOPLIST_KEY_UILaunchScreen_Generation = YES;
				INFOPLIST_KEY_UISupportedInterfaceOrientations_iPad = "UIInterfaceOrientationPortrait UIInterfaceOrientationPortraitUpsideDown UIInterfaceOrientationLandscapeLeft UIInterfaceOrientationLandscapeRight";
				INFOPLIST_KEY_UISupportedInterfaceOrientations_iPhone = "UIInterfaceOrientationPortrait UIInterfaceOrientationLandscapeLeft UIInterfaceOrientationLandscapeRight";
				LD_RUNPATH_SEARCH_PATHS = (
					"$(inherited)",
					"@executable_path/Frameworks",
				);
				MARKETING_VERSION = 1.0;
				PRODUCT_BUNDLE_IDENTIFIER = "name.yizhenzhu.Pick-a-Pal";
				PRODUCT_NAME = "$(TARGET_NAME)";
				SWIFT_EMIT_LOC_STRINGS = YES;
				SWIFT_VERSION = 5.0;
				TARGETED_DEVICE_FAMILY = "1,2";
			};
			name = Release;
		};
		663C45B92DC52CFA00D3F2FC /* Debug */ = {
			isa = XCBuildConfiguration;
			buildSettings = {
				ALWAYS_EMBED_SWIFT_STANDARD_LIBRARIES = YES;
				BUNDLE_LOADER = "$(TEST_HOST)";
				CODE_SIGN_STYLE = Automatic;
				CURRENT_PROJECT_VERSION = 1;
				GENERATE_INFOPLIST_FILE = YES;
				IPHONEOS_DEPLOYMENT_TARGET = 17.5;
				MARKETING_VERSION = 1.0;
				PRODUCT_BUNDLE_IDENTIFIER = "name.yizhenzhu.Pick-a-PalTests";
				PRODUCT_NAME = "$(TARGET_NAME)";
				SWIFT_EMIT_LOC_STRINGS = NO;
				SWIFT_VERSION = 5.0;
				TARGETED_DEVICE_FAMILY = "1,2";
				TEST_HOST = "$(BUILT_PRODUCTS_DIR)/Pick-a-Pal.app/$(BUNDLE_EXECUTABLE_FOLDER_PATH)/Pick-a-Pal";
			};
			name = Debug;
		};
		663C45BA2DC52CFA00D3F2FC /* Release */ = {
			isa = XCBuildConfiguration;
			buildSettings = {
				ALWAYS_EMBED_SWIFT_STANDARD_LIBRARIES = YES;
				BUNDLE_LOADER = "$(TEST_HOST)";
				CODE_SIGN_STYLE = Automatic;
				CURRENT_PROJECT_VERSION = 1;
				GENERATE_INFOPLIST_FILE = YES;
				IPHONEOS_DEPLOYMENT_TARGET = 17.5;
				MARKETING_VERSION = 1.0;
				PRODUCT_BUNDLE_IDENTIFIER = "name.yizhenzhu.Pick-a-PalTests";
				PRODUCT_NAME = "$(TARGET_NAME)";
				SWIFT_EMIT_LOC_STRINGS = NO;
				SWIFT_VERSION = 5.0;
				TARGETED_DEVICE_FAMILY = "1,2";
				TEST_HOST = "$(BUILT_PRODUCTS_DIR)/Pick-a-Pal.app/$(BUNDLE_EXECUTABLE_FOLDER_PATH)/Pick-a-Pal";
			};
			name = Release;
		};
		663C45BC2DC52CFA00D3F2FC /* Debug */ = {
			isa = XCBuildConfiguration;
			buildSettings = {
				ALWAYS_EMBED_SWIFT_STANDARD_LIBRARIES = YES;
				CODE_SIGN_STYLE = Automatic;
				CURRENT_PROJECT_VERSION = 1;
				GENERATE_INFOPLIST_FILE = YES;
				MARKETING_VERSION = 1.0;
				PRODUCT_BUNDLE_IDENTIFIER = "name.yizhenzhu.Pick-a-PalUITests";
				PRODUCT_NAME = "$(TARGET_NAME)";
				SWIFT_EMIT_LOC_STRINGS = NO;
				SWIFT_VERSION = 5.0;
				TARGETED_DEVICE_FAMILY = "1,2";
				TEST_TARGET_NAME = "Pick-a-Pal";
			};
			name = Debug;
		};
		663C45BD2DC52CFA00D3F2FC /* Release */ = {
			isa = XCBuildConfiguration;
			buildSettings = {
				ALWAYS_EMBED_SWIFT_STANDARD_LIBRARIES = YES;
				CODE_SIGN_STYLE = Automatic;
				CURRENT_PROJECT_VERSION = 1;
				GENERATE_INFOPLIST_FILE = YES;
				MARKETING_VERSION = 1.0;
				PRODUCT_BUNDLE_IDENTIFIER = "name.yizhenzhu.Pick-a-PalUITests";
				PRODUCT_NAME = "$(TARGET_NAME)";
				SWIFT_EMIT_LOC_STRINGS = NO;
				SWIFT_VERSION = 5.0;
				TARGETED_DEVICE_FAMILY = "1,2";
				TEST_TARGET_NAME = "Pick-a-Pal";
			};
			name = Release;
		};
/* End XCBuildConfiguration section */

/* Begin XCConfigurationList section */
		663C458C2DC52CF900D3F2FC /* Build configuration list for PBXProject "Pick-a-Pal" */ = {
			isa = XCConfigurationList;
			buildConfigurations = (
				663C45B32DC52CFA00D3F2FC /* Debug */,
				663C45B42DC52CFA00D3F2FC /* Release */,
			);
			defaultConfigurationIsVisible = 0;
			defaultConfigurationName = Release;
		};
		663C45B52DC52CFA00D3F2FC /* Build configuration list for PBXNativeTarget "Pick-a-Pal" */ = {
			isa = XCConfigurationList;
			buildConfigurations = (
				663C45B62DC52CFA00D3F2FC /* Debug */,
				663C45B72DC52CFA00D3F2FC /* Release */,
			);
			defaultConfigurationIsVisible = 0;
			defaultConfigurationName = Release;
		};
		663C45B82DC52CFA00D3F2FC /* Build configuration list for PBXNativeTarget "Pick-a-PalTests" */ = {
			isa = XCConfigurationList;
			buildConfigurations = (
				663C45B92DC52CFA00D3F2FC /* Debug */,
				663C45BA2DC52CFA00D3F2FC /* Release */,
			);
			defaultConfigurationIsVisible = 0;
			defaultConfigurationName = Release;
		};
		663C45BB2DC52CFA00D3F2FC /* Build configuration list for PBXNativeTarget "Pick-a-PalUITests" */ = {
			isa = XCConfigurationList;
			buildConfigurations = (
				663C45BC2DC52CFA00D3F2FC /* Debug */,
				663C45BD2DC52CFA00D3F2FC /* Release */,
			);
			defaultConfigurationIsVisible = 0;
			defaultConfigurationName = Release;
		};
/* End XCConfigurationList section */
	};
	rootObject = 663C45892DC52CF900D3F2FC /* Project object */;
}
