// !$*UTF8*$!
{
	archiveVersion = 1;
	classes = {
	};
	objectVersion = 56;
	objects = {

/* Begin PBXBuildFile section */
		665D77702DEE017000677A48 /* AppIconApp.swift in Sources */ = {isa = PBXBuildFile; fileRef = 665D776F2DEE017000677A48 /* AppIconApp.swift */; };
		665D77742DEE017100677A48 /* Assets.xcassets in Resources */ = {isa = PBXBuildFile; fileRef = 665D77732DEE017100677A48 /* Assets.xcassets */; };
		665D77772DEE017100677A48 /* Preview Assets.xcassets in Resources */ = {isa = PBXBuildFile; fileRef = 665D77762DEE017100677A48 /* Preview Assets.xcassets */; };
		665D77812DEE017100677A48 /* AppIconTests.swift in Sources */ = {isa = PBXBuildFile; fileRef = 665D77802DEE017100677A48 /* AppIconTests.swift */; };
		665D778B2DEE017100677A48 /* AppIconUITests.swift in Sources */ = {isa = PBXBuildFile; fileRef = 665D778A2DEE017100677A48 /* AppIconUITests.swift */; };
		665D778D2DEE017100677A48 /* AppIconUITestsLaunchTests.swift in Sources */ = {isa = PBXBuildFile; fileRef = 665D778C2DEE017100677A48 /* AppIconUITestsLaunchTests.swift */; };
/* End PBXBuildFile section */

/* Begin PBXContainerItemProxy section */
		665D777D2DEE017100677A48 /* PBXContainerItemProxy */ = {
			isa = PBXContainerItemProxy;
			containerPortal = 665D77642DEE017000677A48 /* Project object */;
			proxyType = 1;
			remoteGlobalIDString = 665D776B2DEE017000677A48;
			remoteInfo = AppIcon;
		};
		665D77872DEE017100677A48 /* PBXContainerItemProxy */ = {
			isa = PBXContainerItemProxy;
			containerPortal = 665D77642DEE017000677A48 /* Project object */;
			proxyType = 1;
			remoteGlobalIDString = 665D776B2DEE017000677A48;
			remoteInfo = AppIcon;
		};
/* End PBXContainerItemProxy section */

/* Begin PBXFileReference section */
		665D776C2DEE017000677A48 /* AppIcon.app */ = {isa = PBXFileReference; explicitFileType = wrapper.application; includeInIndex = 0; path = AppIcon.app; sourceTree = BUILT_PRODUCTS_DIR; };
		665D776F2DEE017000677A48 /* AppIconApp.swift */ = {isa = PBXFileReference; lastKnownFileType = sourcecode.swift; path = AppIconApp.swift; sourceTree = "<group>"; };
		665D77732DEE017100677A48 /* Assets.xcassets */ = {isa = PBXFileReference; lastKnownFileType = folder.assetcatalog; path = Assets.xcassets; sourceTree = "<group>"; };
		665D77762DEE017100677A48 /* Preview Assets.xcassets */ = {isa = PBXFileReference; lastKnownFileType = folder.assetcatalog; path = "Preview Assets.xcassets"; sourceTree = "<group>"; };
		665D777C2DEE017100677A48 /* AppIconTests.xctest */ = {isa = PBXFileReference; explicitFileType = wrapper.cfbundle; includeInIndex = 0; path = AppIconTests.xctest; sourceTree = BUILT_PRODUCTS_DIR; };
		665D77802DEE017100677A48 /* AppIconTests.swift */ = {isa = PBXFileReference; lastKnownFileType = sourcecode.swift; path = AppIconTests.swift; sourceTree = "<group>"; };
		665D77862DEE017100677A48 /* AppIconUITests.xctest */ = {isa = PBXFileReference; explicitFileType = wrapper.cfbundle; includeInIndex = 0; path = AppIconUITests.xctest; sourceTree = BUILT_PRODUCTS_DIR; };
		665D778A2DEE017100677A48 /* AppIconUITests.swift */ = {isa = PBXFileReference; lastKnownFileType = sourcecode.swift; path = AppIconUITests.swift; sourceTree = "<group>"; };
		665D778C2DEE017100677A48 /* AppIconUITestsLaunchTests.swift */ = {isa = PBXFileReference; lastKnownFileType = sourcecode.swift; path = AppIconUITestsLaunchTests.swift; sourceTree = "<group>"; };
/* End PBXFileReference section */

/* Begin PBXFrameworksBuildPhase section */
		665D77692DEE017000677A48 /* Frameworks */ = {
			isa = PBXFrameworksBuildPhase;
			buildActionMask = 2147483647;
			files = (
			);
			runOnlyForDeploymentPostprocessing = 0;
		};
		665D77792DEE017100677A48 /* Frameworks */ = {
			isa = PBXFrameworksBuildPhase;
			buildActionMask = 2147483647;
			files = (
			);
			runOnlyForDeploymentPostprocessing = 0;
		};
		665D77832DEE017100677A48 /* Frameworks */ = {
			isa = PBXFrameworksBuildPhase;
			buildActionMask = 2147483647;
			files = (
			);
			runOnlyForDeploymentPostprocessing = 0;
		};
/* End PBXFrameworksBuildPhase section */

/* Begin PBXGroup section */
		665D77632DEE017000677A48 = {
			isa = PBXGroup;
			children = (
				665D776E2DEE017000677A48 /* AppIcon */,
				665D777F2DEE017100677A48 /* AppIconTests */,
				665D77892DEE017100677A48 /* AppIconUITests */,
				665D776D2DEE017000677A48 /* Products */,
			);
			sourceTree = "<group>";
		};
		665D776D2DEE017000677A48 /* Products */ = {
			isa = PBXGroup;
			children = (
				665D776C2DEE017000677A48 /* AppIcon.app */,
				665D777C2DEE017100677A48 /* AppIconTests.xctest */,
				665D77862DEE017100677A48 /* AppIconUITests.xctest */,
			);
			name = Products;
			sourceTree = "<group>";
		};
		665D776E2DEE017000677A48 /* AppIcon */ = {
			isa = PBXGroup;
			children = (
				665D776F2DEE017000677A48 /* AppIconApp.swift */,
				665D77732DEE017100677A48 /* Assets.xcassets */,
				665D77752DEE017100677A48 /* Preview Content */,
			);
			path = AppIcon;
			sourceTree = "<group>";
		};
		665D77752DEE017100677A48 /* Preview Content */ = {
			isa = PBXGroup;
			children = (
				665D77762DEE017100677A48 /* Preview Assets.xcassets */,
			);
			path = "Preview Content";
			sourceTree = "<group>";
		};
		665D777F2DEE017100677A48 /* AppIconTests */ = {
			isa = PBXGroup;
			children = (
				665D77802DEE017100677A48 /* AppIconTests.swift */,
			);
			path = AppIconTests;
			sourceTree = "<group>";
		};
		665D77892DEE017100677A48 /* AppIconUITests */ = {
			isa = PBXGroup;
			children = (
				665D778A2DEE017100677A48 /* AppIconUITests.swift */,
				665D778C2DEE017100677A48 /* AppIconUITestsLaunchTests.swift */,
			);
			path = AppIconUITests;
			sourceTree = "<group>";
		};
/* End PBXGroup section */

/* Begin PBXNativeTarget section */
		665D776B2DEE017000677A48 /* AppIcon */ = {
			isa = PBXNativeTarget;
			buildConfigurationList = 665D77902DEE017100677A48 /* Build configuration list for PBXNativeTarget "AppIcon" */;
			buildPhases = (
				665D77682DEE017000677A48 /* Sources */,
				665D77692DEE017000677A48 /* Frameworks */,
				665D776A2DEE017000677A48 /* Resources */,
			);
			buildRules = (
			);
			dependencies = (
			);
			name = AppIcon;
			productName = AppIcon;
			productReference = 665D776C2DEE017000677A48 /* AppIcon.app */;
			productType = "com.apple.product-type.application";
		};
		665D777B2DEE017100677A48 /* AppIconTests */ = {
			isa = PBXNativeTarget;
			buildConfigurationList = 665D77932DEE017100677A48 /* Build configuration list for PBXNativeTarget "AppIconTests" */;
			buildPhases = (
				665D77782DEE017100677A48 /* Sources */,
				665D77792DEE017100677A48 /* Frameworks */,
				665D777A2DEE017100677A48 /* Resources */,
			);
			buildRules = (
			);
			dependencies = (
				665D777E2DEE017100677A48 /* PBXTargetDependency */,
			);
			name = AppIconTests;
			productName = AppIconTests;
			productReference = 665D777C2DEE017100677A48 /* AppIconTests.xctest */;
			productType = "com.apple.product-type.bundle.unit-test";
		};
		665D77852DEE017100677A48 /* AppIconUITests */ = {
			isa = PBXNativeTarget;
			buildConfigurationList = 665D77962DEE017100677A48 /* Build configuration list for PBXNativeTarget "AppIconUITests" */;
			buildPhases = (
				665D77822DEE017100677A48 /* Sources */,
				665D77832DEE017100677A48 /* Frameworks */,
				665D77842DEE017100677A48 /* Resources */,
			);
			buildRules = (
			);
			dependencies = (
				665D77882DEE017100677A48 /* PBXTargetDependency */,
			);
			name = AppIconUITests;
			productName = AppIconUITests;
			productReference = 665D77862DEE017100677A48 /* AppIconUITests.xctest */;
			productType = "com.apple.product-type.bundle.ui-testing";
		};
/* End PBXNativeTarget section */

/* Begin PBXProject section */
		665D77642DEE017000677A48 /* Project object */ = {
			isa = PBXProject;
			attributes = {
				BuildIndependentTargetsInParallel = 1;
				LastSwiftUpdateCheck = 1540;
				LastUpgradeCheck = 1540;
				TargetAttributes = {
					665D776B2DEE017000677A48 = {
						CreatedOnToolsVersion = 15.4;
					};
					665D777B2DEE017100677A48 = {
						CreatedOnToolsVersion = 15.4;
						TestTargetID = 665D776B2DEE017000677A48;
					};
					665D77852DEE017100677A48 = {
						CreatedOnToolsVersion = 15.4;
						TestTargetID = 665D776B2DEE017000677A48;
					};
				};
			};
			buildConfigurationList = 665D77672DEE017000677A48 /* Build configuration list for PBXProject "AppIcon" */;
			compatibilityVersion = "Xcode 14.0";
			developmentRegion = en;
			hasScannedForEncodings = 0;
			knownRegions = (
				en,
				Base,
			);
			mainGroup = 665D77632DEE017000677A48;
			productRefGroup = 665D776D2DEE017000677A48 /* Products */;
			projectDirPath = "";
			projectRoot = "";
			targets = (
				665D776B2DEE017000677A48 /* AppIcon */,
				665D777B2DEE017100677A48 /* AppIconTests */,
				665D77852DEE017100677A48 /* AppIconUITests */,
			);
		};
/* End PBXProject section */

/* Begin PBXResourcesBuildPhase section */
		665D776A2DEE017000677A48 /* Resources */ = {
			isa = PBXResourcesBuildPhase;
			buildActionMask = 2147483647;
			files = (
				665D77772DEE017100677A48 /* Preview Assets.xcassets in Resources */,
				665D77742DEE017100677A48 /* Assets.xcassets in Resources */,
			);
			runOnlyForDeploymentPostprocessing = 0;
		};
		665D777A2DEE017100677A48 /* Resources */ = {
			isa = PBXResourcesBuildPhase;
			buildActionMask = 2147483647;
			files = (
			);
			runOnlyForDeploymentPostprocessing = 0;
		};
		665D77842DEE017100677A48 /* Resources */ = {
			isa = PBXResourcesBuildPhase;
			buildActionMask = 2147483647;
			files = (
			);
			runOnlyForDeploymentPostprocessing = 0;
		};
/* End PBXResourcesBuildPhase section */

/* Begin PBXSourcesBuildPhase section */
		665D77682DEE017000677A48 /* Sources */ = {
			isa = PBXSourcesBuildPhase;
			buildActionMask = 2147483647;
			files = (
				665D77702DEE017000677A48 /* AppIconApp.swift in Sources */,
			);
			runOnlyForDeploymentPostprocessing = 0;
		};
		665D77782DEE017100677A48 /* Sources */ = {
			isa = PBXSourcesBuildPhase;
			buildActionMask = 2147483647;
			files = (
				665D77812DEE017100677A48 /* AppIconTests.swift in Sources */,
			);
			runOnlyForDeploymentPostprocessing = 0;
		};
		665D77822DEE017100677A48 /* Sources */ = {
			isa = PBXSourcesBuildPhase;
			buildActionMask = 2147483647;
			files = (
				665D778B2DEE017100677A48 /* AppIconUITests.swift in Sources */,
				665D778D2DEE017100677A48 /* AppIconUITestsLaunchTests.swift in Sources */,
			);
			runOnlyForDeploymentPostprocessing = 0;
		};
/* End PBXSourcesBuildPhase section */

/* Begin PBXTargetDependency section */
		665D777E2DEE017100677A48 /* PBXTargetDependency */ = {
			isa = PBXTargetDependency;
			target = 665D776B2DEE017000677A48 /* AppIcon */;
			targetProxy = 665D777D2DEE017100677A48 /* PBXContainerItemProxy */;
		};
		665D77882DEE017100677A48 /* PBXTargetDependency */ = {
			isa = PBXTargetDependency;
			target = 665D776B2DEE017000677A48 /* AppIcon */;
			targetProxy = 665D77872DEE017100677A48 /* PBXContainerItemProxy */;
		};
/* End PBXTargetDependency section */

/* Begin XCBuildConfiguration section */
		665D778E2DEE017100677A48 /* Debug */ = {
			isa = XCBuildConfiguration;
			buildSettings = {
				ALWAYS_SEARCH_USER_PATHS = NO;
				ASSETCATALOG_COMPILER_GENERATE_SWIFT_ASSET_SYMBOL_EXTENSIONS = YES;
				CLANG_ANALYZER_NONNULL = YES;
				CLANG_ANALYZER_NUMBER_OBJECT_CONVERSION = YES_AGGRESSIVE;
				CLANG_CXX_LANGUAGE_STANDARD = "gnu++20";
				CLANG_ENABLE_MODULES = YES;
				CLANG_ENABLE_OBJC_ARC = YES;
				CLANG_ENABLE_OBJC_WEAK = YES;
				CLANG_WARN_BLOCK_CAPTURE_AUTORELEASING = YES;
				CLANG_WARN_BOOL_CONVERSION = YES;
				CLANG_WARN_COMMA = YES;
				CLANG_WARN_CONSTANT_CONVERSION = YES;
				CLANG_WARN_DEPRECATED_OBJC_IMPLEMENTATIONS = YES;
				CLANG_WARN_DIRECT_OBJC_ISA_USAGE = YES_ERROR;
				CLANG_WARN_DOCUMENTATION_COMMENTS = YES;
				CLANG_WARN_EMPTY_BODY = YES;
				CLANG_WARN_ENUM_CONVERSION = YES;
				CLANG_WARN_INFINITE_RECURSION = YES;
				CLANG_WARN_INT_CONVERSION = YES;
				CLANG_WARN_NON_LITERAL_NULL_CONVERSION = YES;
				CLANG_WARN_OBJC_IMPLICIT_RETAIN_SELF = YES;
				CLANG_WARN_OBJC_LITERAL_CONVERSION = YES;
				CLANG_WARN_OBJC_ROOT_CLASS = YES_ERROR;
				CLANG_WARN_QUOTED_INCLUDE_IN_FRAMEWORK_HEADER = YES;
				CLANG_WARN_RANGE_LOOP_ANALYSIS = YES;
				CLANG_WARN_STRICT_PROTOTYPES = YES;
				CLANG_WARN_SUSPICIOUS_MOVE = YES;
				CLANG_WARN_UNGUARDED_AVAILABILITY = YES_AGGRESSIVE;
				CLANG_WARN_UNREACHABLE_CODE = YES;
				CLANG_WARN__DUPLICATE_METHOD_MATCH = YES;
				COPY_PHASE_STRIP = NO;
				DEBUG_INFORMATION_FORMAT = dwarf;
				ENABLE_STRICT_OBJC_MSGSEND = YES;
				ENABLE_TESTABILITY = YES;
				ENABLE_USER_SCRIPT_SANDBOXING = YES;
				GCC_C_LANGUAGE_STANDARD = gnu17;
				GCC_DYNAMIC_NO_PIC = NO;
				GCC_NO_COMMON_BLOCKS = YES;
				GCC_OPTIMIZATION_LEVEL = 0;
				GCC_PREPROCESSOR_DEFINITIONS = (
					"DEBUG=1",
					"$(inherited)",
				);
				GCC_WARN_64_TO_32_BIT_CONVERSION = YES;
				GCC_WARN_ABOUT_RETURN_TYPE = YES_ERROR;
				GCC_WARN_UNDECLARED_SELECTOR = YES;
				GCC_WARN_UNINITIALIZED_AUTOS = YES_AGGRESSIVE;
				GCC_WARN_UNUSED_FUNCTION = YES;
				GCC_WARN_UNUSED_VARIABLE = YES;
				IPHONEOS_DEPLOYMENT_TARGET = 17.5;
				LOCALIZATION_PREFERS_STRING_CATALOGS = YES;
				MTL_ENABLE_DEBUG_INFO = INCLUDE_SOURCE;
				MTL_FAST_MATH = YES;
				ONLY_ACTIVE_ARCH = YES;
				SDKROOT = iphoneos;
				SWIFT_ACTIVE_COMPILATION_CONDITIONS = "DEBUG $(inherited)";
				SWIFT_OPTIMIZATION_LEVEL = "-Onone";
			};
			name = Debug;
		};
		665D778F2DEE017100677A48 /* Release */ = {
			isa = XCBuildConfiguration;
			buildSettings = {
				ALWAYS_SEARCH_USER_PATHS = NO;
				ASSETCATALOG_COMPILER_GENERATE_SWIFT_ASSET_SYMBOL_EXTENSIONS = YES;
				CLANG_ANALYZER_NONNULL = YES;
				CLANG_ANALYZER_NUMBER_OBJECT_CONVERSION = YES_AGGRESSIVE;
				CLANG_CXX_LANGUAGE_STANDARD = "gnu++20";
				CLANG_ENABLE_MODULES = YES;
				CLANG_ENABLE_OBJC_ARC = YES;
				CLANG_ENABLE_OBJC_WEAK = YES;
				CLANG_WARN_BLOCK_CAPTURE_AUTORELEASING = YES;
				CLANG_WARN_BOOL_CONVERSION = YES;
				CLANG_WARN_COMMA = YES;
				CLANG_WARN_CONSTANT_CONVERSION = YES;
				CLANG_WARN_DEPRECATED_OBJC_IMPLEMENTATIONS = YES;
				CLANG_WARN_DIRECT_OBJC_ISA_USAGE = YES_ERROR;
				CLANG_WARN_DOCUMENTATION_COMMENTS = YES;
				CLANG_WARN_EMPTY_BODY = YES;
				CLANG_WARN_ENUM_CONVERSION = YES;
				CLANG_WARN_INFINITE_RECURSION = YES;
				CLANG_WARN_INT_CONVERSION = YES;
				CLANG_WARN_NON_LITERAL_NULL_CONVERSION = YES;
				CLANG_WARN_OBJC_IMPLICIT_RETAIN_SELF = YES;
				CLANG_WARN_OBJC_LITERAL_CONVERSION = YES;
				CLANG_WARN_OBJC_ROOT_CLASS = YES_ERROR;
				CLANG_WARN_QUOTED_INCLUDE_IN_FRAMEWORK_HEADER = YES;
				CLANG_WARN_RANGE_LOOP_ANALYSIS = YES;
				CLANG_WARN_STRICT_PROTOTYPES = YES;
				CLANG_WARN_SUSPICIOUS_MOVE = YES;
				CLANG_WARN_UNGUARDED_AVAILABILITY = YES_AGGRESSIVE;
				CLANG_WARN_UNREACHABLE_CODE = YES;
				CLANG_WARN__DUPLICATE_METHOD_MATCH = YES;
				COPY_PHASE_STRIP = NO;
				DEBUG_INFORMATION_FORMAT = "dwarf-with-dsym";
				ENABLE_NS_ASSERTIONS = NO;
				ENABLE_STRICT_OBJC_MSGSEND = YES;
				ENABLE_USER_SCRIPT_SANDBOXING = YES;
				GCC_C_LANGUAGE_STANDARD = gnu17;
				GCC_NO_COMMON_BLOCKS = YES;
				GCC_WARN_64_TO_32_BIT_CONVERSION = YES;
				GCC_WARN_ABOUT_RETURN_TYPE = YES_ERROR;
				GCC_WARN_UNDECLARED_SELECTOR = YES;
				GCC_WARN_UNINITIALIZED_AUTOS = YES_AGGRESSIVE;
				GCC_WARN_UNUSED_FUNCTION = YES;
				GCC_WARN_UNUSED_VARIABLE = YES;
				IPHONEOS_DEPLOYMENT_TARGET = 17.5;
				LOCALIZATION_PREFERS_STRING_CATALOGS = YES;
				MTL_ENABLE_DEBUG_INFO = NO;
				MTL_FAST_MATH = YES;
				SDKROOT = iphoneos;
				SWIFT_COMPILATION_MODE = wholemodule;
				VALIDATE_PRODUCT = YES;
			};
			name = Release;
		};
		665D77912DEE017100677A48 /* Debug */ = {
			isa = XCBuildConfiguration;
			buildSettings = {
				ASSETCATALOG_COMPILER_APPICON_NAME = AppIcon;
				ASSETCATALOG_COMPILER_GLOBAL_ACCENT_COLOR_NAME = AccentColor;
				CODE_SIGN_STYLE = Automatic;
				CURRENT_PROJECT_VERSION = 1;
				DEVELOPMENT_ASSET_PATHS = "\"AppIcon/Preview Content\"";
				ENABLE_PREVIEWS = YES;
				GENERATE_INFOPLIST_FILE = YES;
				INFOPLIST_KEY_LSApplicationCategoryType = "";
				INFOPLIST_KEY_NSPhotoLibraryAddUsageDescription = "We need access to save your custom icon to your Photos library.";
				INFOPLIST_KEY_UIApplicationSceneManifest_Generation = YES;
				INFOPLIST_KEY_UIApplicationSupportsIndirectInputEvents = YES;
				INFOPLIST_KEY_UILaunchScreen_Generation = YES;
				INFOPLIST_KEY_UISupportedInterfaceOrientations_iPad = "UIInterfaceOrientationPortrait UIInterfaceOrientationPortraitUpsideDown UIInterfaceOrientationLandscapeLeft UIInterfaceOrientationLandscapeRight";
				INFOPLIST_KEY_UISupportedInterfaceOrientations_iPhone = "UIInterfaceOrientationPortrait UIInterfaceOrientationLandscapeLeft UIInterfaceOrientationLandscapeRight";
				LD_RUNPATH_SEARCH_PATHS = (
					"$(inherited)",
					"@executable_path/Frameworks",
				);
				MARKETING_VERSION = 1.0;
				PRODUCT_BUNDLE_IDENTIFIER = name.yizhenzhu.AppIcon;
				PRODUCT_NAME = "$(TARGET_NAME)";
				SWIFT_EMIT_LOC_STRINGS = YES;
				SWIFT_VERSION = 5.0;
				TARGETED_DEVICE_FAMILY = "1,2";
			};
			name = Debug;
		};
		665D77922DEE017100677A48 /* Release */ = {
			isa = XCBuildConfiguration;
			buildSettings = {
				ASSETCATALOG_COMPILER_APPICON_NAME = AppIcon;
				ASSETCATALOG_COMPILER_GLOBAL_ACCENT_COLOR_NAME = AccentColor;
				CODE_SIGN_STYLE = Automatic;
				CURRENT_PROJECT_VERSION = 1;
				DEVELOPMENT_ASSET_PATHS = "\"AppIcon/Preview Content\"";
				ENABLE_PREVIEWS = YES;
				GENERATE_INFOPLIST_FILE = YES;
				INFOPLIST_KEY_LSApplicationCategoryType = "";
				INFOPLIST_KEY_NSPhotoLibraryAddUsageDescription = "We need access to save your custom icon to your Photos library.";
				INFOPLIST_KEY_UIApplicationSceneManifest_Generation = YES;
				INFOPLIST_KEY_UIApplicationSupportsIndirectInputEvents = YES;
				INFOPLIST_KEY_UILaunchScreen_Generation = YES;
				INFOPLIST_KEY_UISupportedInterfaceOrientations_iPad = "UIInterfaceOrientationPortrait UIInterfaceOrientationPortraitUpsideDown UIInterfaceOrientationLandscapeLeft UIInterfaceOrientationLandscapeRight";
				INFOPLIST_KEY_UISupportedInterfaceOrientations_iPhone = "UIInterfaceOrientationPortrait UIInterfaceOrientationLandscapeLeft UIInterfaceOrientationLandscapeRight";
				LD_RUNPATH_SEARCH_PATHS = (
					"$(inherited)",
					"@executable_path/Frameworks",
				);
				MARKETING_VERSION = 1.0;
				PRODUCT_BUNDLE_IDENTIFIER = name.yizhenzhu.AppIcon;
				PRODUCT_NAME = "$(TARGET_NAME)";
				SWIFT_EMIT_LOC_STRINGS = YES;
				SWIFT_VERSION = 5.0;
				TARGETED_DEVICE_FAMILY = "1,2";
			};
			name = Release;
		};
		665D77942DEE017100677A48 /* Debug */ = {
			isa = XCBuildConfiguration;
			buildSettings = {
				ALWAYS_EMBED_SWIFT_STANDARD_LIBRARIES = YES;
				BUNDLE_LOADER = "$(TEST_HOST)";
				CODE_SIGN_STYLE = Automatic;
				CURRENT_PROJECT_VERSION = 1;
				GENERATE_INFOPLIST_FILE = YES;
				IPHONEOS_DEPLOYMENT_TARGET = 17.5;
				MARKETING_VERSION = 1.0;
				PRODUCT_BUNDLE_IDENTIFIER = name.yizhenzhu.AppIconTests;
				PRODUCT_NAME = "$(TARGET_NAME)";
				SWIFT_EMIT_LOC_STRINGS = NO;
				SWIFT_VERSION = 5.0;
				TARGETED_DEVICE_FAMILY = "1,2";
				TEST_HOST = "$(BUILT_PRODUCTS_DIR)/AppIcon.app/$(BUNDLE_EXECUTABLE_FOLDER_PATH)/AppIcon";
			};
			name = Debug;
		};
		665D77952DEE017100677A48 /* Release */ = {
			isa = XCBuildConfiguration;
			buildSettings = {
				ALWAYS_EMBED_SWIFT_STANDARD_LIBRARIES = YES;
				BUNDLE_LOADER = "$(TEST_HOST)";
				CODE_SIGN_STYLE = Automatic;
				CURRENT_PROJECT_VERSION = 1;
				GENERATE_INFOPLIST_FILE = YES;
				IPHONEOS_DEPLOYMENT_TARGET = 17.5;
				MARKETING_VERSION = 1.0;
				PRODUCT_BUNDLE_IDENTIFIER = name.yizhenzhu.AppIconTests;
				PRODUCT_NAME = "$(TARGET_NAME)";
				SWIFT_EMIT_LOC_STRINGS = NO;
				SWIFT_VERSION = 5.0;
				TARGETED_DEVICE_FAMILY = "1,2";
				TEST_HOST = "$(BUILT_PRODUCTS_DIR)/AppIcon.app/$(BUNDLE_EXECUTABLE_FOLDER_PATH)/AppIcon";
			};
			name = Release;
		};
		665D77972DEE017100677A48 /* Debug */ = {
			isa = XCBuildConfiguration;
			buildSettings = {
				ALWAYS_EMBED_SWIFT_STANDARD_LIBRARIES = YES;
				CODE_SIGN_STYLE = Automatic;
				CURRENT_PROJECT_VERSION = 1;
				GENERATE_INFOPLIST_FILE = YES;
				MARKETING_VERSION = 1.0;
				PRODUCT_BUNDLE_IDENTIFIER = name.yizhenzhu.AppIconUITests;
				PRODUCT_NAME = "$(TARGET_NAME)";
				SWIFT_EMIT_LOC_STRINGS = NO;
				SWIFT_VERSION = 5.0;
				TARGETED_DEVICE_FAMILY = "1,2";
				TEST_TARGET_NAME = AppIcon;
			};
			name = Debug;
		};
		665D77982DEE017100677A48 /* Release */ = {
			isa = XCBuildConfiguration;
			buildSettings = {
				ALWAYS_EMBED_SWIFT_STANDARD_LIBRARIES = YES;
				CODE_SIGN_STYLE = Automatic;
				CURRENT_PROJECT_VERSION = 1;
				GENERATE_INFOPLIST_FILE = YES;
				MARKETING_VERSION = 1.0;
				PRODUCT_BUNDLE_IDENTIFIER = name.yizhenzhu.AppIconUITests;
				PRODUCT_NAME = "$(TARGET_NAME)";
				SWIFT_EMIT_LOC_STRINGS = NO;
				SWIFT_VERSION = 5.0;
				TARGETED_DEVICE_FAMILY = "1,2";
				TEST_TARGET_NAME = AppIcon;
			};
			name = Release;
		};
/* End XCBuildConfiguration section */

/* Begin XCConfigurationList section */
		665D77672DEE017000677A48 /* Build configuration list for PBXProject "AppIcon" */ = {
			isa = XCConfigurationList;
			buildConfigurations = (
				665D778E2DEE017100677A48 /* Debug */,
				665D778F2DEE017100677A48 /* Release */,
			);
			defaultConfigurationIsVisible = 0;
			defaultConfigurationName = Release;
		};
		665D77902DEE017100677A48 /* Build configuration list for PBXNativeTarget "AppIcon" */ = {
			isa = XCConfigurationList;
			buildConfigurations = (
				665D77912DEE017100677A48 /* Debug */,
				665D77922DEE017100677A48 /* Release */,
			);
			defaultConfigurationIsVisible = 0;
			defaultConfigurationName = Release;
		};
		665D77932DEE017100677A48 /* Build configuration list for PBXNativeTarget "AppIconTests" */ = {
			isa = XCConfigurationList;
			buildConfigurations = (
				665D77942DEE017100677A48 /* Debug */,
				665D77952DEE017100677A48 /* Release */,
			);
			defaultConfigurationIsVisible = 0;
			defaultConfigurationName = Release;
		};
		665D77962DEE017100677A48 /* Build configuration list for PBXNativeTarget "AppIconUITests" */ = {
			isa = XCConfigurationList;
			buildConfigurations = (
				665D77972DEE017100677A48 /* Debug */,
				665D77982DEE017100677A48 /* Release */,
			);
			defaultConfigurationIsVisible = 0;
			defaultConfigurationName = Release;
		};
/* End XCConfigurationList section */
	};
	rootObject = 665D77642DEE017000677A48 /* Project object */;
}
