// !$*UTF8*$!
{
	archiveVersion = 1;
	classes = {
	};
	objectVersion = 56;
	objects = {

/* Begin PBXBuildFile section */
		6687106D2D70E6DD009CE20F /* ControlFlow__GuessingApp.swift in Sources */ = {isa = PBXBuildFile; fileRef = 6687106C2D70E6DD009CE20F /* ControlFlow__GuessingApp.swift */; };
		6687106F2D70E6DD009CE20F /* ContentView.swift in Sources */ = {isa = PBXBuildFile; fileRef = 6687106E2D70E6DD009CE20F /* ContentView.swift */; };
		668710712D70E6DD009CE20F /* Assets.xcassets in Resources */ = {isa = PBXBuildFile; fileRef = 668710702D70E6DD009CE20F /* Assets.xcassets */; };
		668710742D70E6DD009CE20F /* Preview Assets.xcassets in Resources */ = {isa = PBXBuildFile; fileRef = 668710732D70E6DD009CE20F /* Preview Assets.xcassets */; };
		6687107E2D70E6DE009CE20F /* ControlFlow__GuessingTests.swift in Sources */ = {isa = PBXBuildFile; fileRef = 6687107D2D70E6DE009CE20F /* ControlFlow__GuessingTests.swift */; };
		668710882D70E6DE009CE20F /* ControlFlow__GuessingUITests.swift in Sources */ = {isa = PBXBuildFile; fileRef = 668710872D70E6DE009CE20F /* ControlFlow__GuessingUITests.swift */; };
		6687108A2D70E6DE009CE20F /* ControlFlow__GuessingUITestsLaunchTests.swift in Sources */ = {isa = PBXBuildFile; fileRef = 668710892D70E6DE009CE20F /* ControlFlow__GuessingUITestsLaunchTests.swift */; };
/* End PBXBuildFile section */

/* Begin PBXContainerItemProxy section */
		6687107A2D70E6DE009CE20F /* PBXContainerItemProxy */ = {
			isa = PBXContainerItemProxy;
			containerPortal = 668710612D70E6DD009CE20F /* Project object */;
			proxyType = 1;
			remoteGlobalIDString = 668710682D70E6DD009CE20F;
			remoteInfo = "ControlFlow_#Guessing";
		};
		668710842D70E6DE009CE20F /* PBXContainerItemProxy */ = {
			isa = PBXContainerItemProxy;
			containerPortal = 668710612D70E6DD009CE20F /* Project object */;
			proxyType = 1;
			remoteGlobalIDString = 668710682D70E6DD009CE20F;
			remoteInfo = "ControlFlow_#Guessing";
		};
/* End PBXContainerItemProxy section */

/* Begin PBXFileReference section */
		668710692D70E6DD009CE20F /* ControlFlow_#Guessing.app */ = {isa = PBXFileReference; explicitFileType = wrapper.application; includeInIndex = 0; path = "ControlFlow_#Guessing.app"; sourceTree = BUILT_PRODUCTS_DIR; };
		6687106C2D70E6DD009CE20F /* ControlFlow__GuessingApp.swift */ = {isa = PBXFileReference; lastKnownFileType = sourcecode.swift; path = ControlFlow__GuessingApp.swift; sourceTree = "<group>"; };
		6687106E2D70E6DD009CE20F /* ContentView.swift */ = {isa = PBXFileReference; lastKnownFileType = sourcecode.swift; path = ContentView.swift; sourceTree = "<group>"; };
		668710702D70E6DD009CE20F /* Assets.xcassets */ = {isa = PBXFileReference; lastKnownFileType = folder.assetcatalog; path = Assets.xcassets; sourceTree = "<group>"; };
		668710732D70E6DD009CE20F /* Preview Assets.xcassets */ = {isa = PBXFileReference; lastKnownFileType = folder.assetcatalog; path = "Preview Assets.xcassets"; sourceTree = "<group>"; };
		668710792D70E6DE009CE20F /* ControlFlow_#GuessingTests.xctest */ = {isa = PBXFileReference; explicitFileType = wrapper.cfbundle; includeInIndex = 0; path = "ControlFlow_#GuessingTests.xctest"; sourceTree = BUILT_PRODUCTS_DIR; };
		6687107D2D70E6DE009CE20F /* ControlFlow__GuessingTests.swift */ = {isa = PBXFileReference; lastKnownFileType = sourcecode.swift; path = ControlFlow__GuessingTests.swift; sourceTree = "<group>"; };
		668710832D70E6DE009CE20F /* ControlFlow_#GuessingUITests.xctest */ = {isa = PBXFileReference; explicitFileType = wrapper.cfbundle; includeInIndex = 0; path = "ControlFlow_#GuessingUITests.xctest"; sourceTree = BUILT_PRODUCTS_DIR; };
		668710872D70E6DE009CE20F /* ControlFlow__GuessingUITests.swift */ = {isa = PBXFileReference; lastKnownFileType = sourcecode.swift; path = ControlFlow__GuessingUITests.swift; sourceTree = "<group>"; };
		668710892D70E6DE009CE20F /* ControlFlow__GuessingUITestsLaunchTests.swift */ = {isa = PBXFileReference; lastKnownFileType = sourcecode.swift; path = ControlFlow__GuessingUITestsLaunchTests.swift; sourceTree = "<group>"; };
/* End PBXFileReference section */

/* Begin PBXFrameworksBuildPhase section */
		668710662D70E6DD009CE20F /* Frameworks */ = {
			isa = PBXFrameworksBuildPhase;
			buildActionMask = 2147483647;
			files = (
			);
			runOnlyForDeploymentPostprocessing = 0;
		};
		668710762D70E6DE009CE20F /* Frameworks */ = {
			isa = PBXFrameworksBuildPhase;
			buildActionMask = 2147483647;
			files = (
			);
			runOnlyForDeploymentPostprocessing = 0;
		};
		668710802D70E6DE009CE20F /* Frameworks */ = {
			isa = PBXFrameworksBuildPhase;
			buildActionMask = 2147483647;
			files = (
			);
			runOnlyForDeploymentPostprocessing = 0;
		};
/* End PBXFrameworksBuildPhase section */

/* Begin PBXGroup section */
		668710602D70E6DD009CE20F = {
			isa = PBXGroup;
			children = (
				6687106B2D70E6DD009CE20F /* ControlFlow_#Guessing */,
				6687107C2D70E6DE009CE20F /* ControlFlow_#GuessingTests */,
				668710862D70E6DE009CE20F /* ControlFlow_#GuessingUITests */,
				6687106A2D70E6DD009CE20F /* Products */,
			);
			sourceTree = "<group>";
		};
		6687106A2D70E6DD009CE20F /* Products */ = {
			isa = PBXGroup;
			children = (
				668710692D70E6DD009CE20F /* ControlFlow_#Guessing.app */,
				668710792D70E6DE009CE20F /* ControlFlow_#GuessingTests.xctest */,
				668710832D70E6DE009CE20F /* ControlFlow_#GuessingUITests.xctest */,
			);
			name = Products;
			sourceTree = "<group>";
		};
		6687106B2D70E6DD009CE20F /* ControlFlow_#Guessing */ = {
			isa = PBXGroup;
			children = (
				6687106C2D70E6DD009CE20F /* ControlFlow__GuessingApp.swift */,
				6687106E2D70E6DD009CE20F /* ContentView.swift */,
				668710702D70E6DD009CE20F /* Assets.xcassets */,
				668710722D70E6DD009CE20F /* Preview Content */,
			);
			path = "ControlFlow_#Guessing";
			sourceTree = "<group>";
		};
		668710722D70E6DD009CE20F /* Preview Content */ = {
			isa = PBXGroup;
			children = (
				668710732D70E6DD009CE20F /* Preview Assets.xcassets */,
			);
			path = "Preview Content";
			sourceTree = "<group>";
		};
		6687107C2D70E6DE009CE20F /* ControlFlow_#GuessingTests */ = {
			isa = PBXGroup;
			children = (
				6687107D2D70E6DE009CE20F /* ControlFlow__GuessingTests.swift */,
			);
			path = "ControlFlow_#GuessingTests";
			sourceTree = "<group>";
		};
		668710862D70E6DE009CE20F /* ControlFlow_#GuessingUITests */ = {
			isa = PBXGroup;
			children = (
				668710872D70E6DE009CE20F /* ControlFlow__GuessingUITests.swift */,
				668710892D70E6DE009CE20F /* ControlFlow__GuessingUITestsLaunchTests.swift */,
			);
			path = "ControlFlow_#GuessingUITests";
			sourceTree = "<group>";
		};
/* End PBXGroup section */

/* Begin PBXNativeTarget section */
		668710682D70E6DD009CE20F /* ControlFlow_#Guessing */ = {
			isa = PBXNativeTarget;
			buildConfigurationList = 6687108D2D70E6DE009CE20F /* Build configuration list for PBXNativeTarget "ControlFlow_#Guessing" */;
			buildPhases = (
				668710652D70E6DD009CE20F /* Sources */,
				668710662D70E6DD009CE20F /* Frameworks */,
				668710672D70E6DD009CE20F /* Resources */,
			);
			buildRules = (
			);
			dependencies = (
			);
			name = "ControlFlow_#Guessing";
			productName = "ControlFlow_#Guessing";
			productReference = 668710692D70E6DD009CE20F /* ControlFlow_#Guessing.app */;
			productType = "com.apple.product-type.application";
		};
		668710782D70E6DE009CE20F /* ControlFlow_#GuessingTests */ = {
			isa = PBXNativeTarget;
			buildConfigurationList = 668710902D70E6DE009CE20F /* Build configuration list for PBXNativeTarget "ControlFlow_#GuessingTests" */;
			buildPhases = (
				668710752D70E6DE009CE20F /* Sources */,
				668710762D70E6DE009CE20F /* Frameworks */,
				668710772D70E6DE009CE20F /* Resources */,
			);
			buildRules = (
			);
			dependencies = (
				6687107B2D70E6DE009CE20F /* PBXTargetDependency */,
			);
			name = "ControlFlow_#GuessingTests";
			productName = "ControlFlow_#GuessingTests";
			productReference = 668710792D70E6DE009CE20F /* ControlFlow_#GuessingTests.xctest */;
			productType = "com.apple.product-type.bundle.unit-test";
		};
		668710822D70E6DE009CE20F /* ControlFlow_#GuessingUITests */ = {
			isa = PBXNativeTarget;
			buildConfigurationList = 668710932D70E6DE009CE20F /* Build configuration list for PBXNativeTarget "ControlFlow_#GuessingUITests" */;
			buildPhases = (
				6687107F2D70E6DE009CE20F /* Sources */,
				668710802D70E6DE009CE20F /* Frameworks */,
				668710812D70E6DE009CE20F /* Resources */,
			);
			buildRules = (
			);
			dependencies = (
				668710852D70E6DE009CE20F /* PBXTargetDependency */,
			);
			name = "ControlFlow_#GuessingUITests";
			productName = "ControlFlow_#GuessingUITests";
			productReference = 668710832D70E6DE009CE20F /* ControlFlow_#GuessingUITests.xctest */;
			productType = "com.apple.product-type.bundle.ui-testing";
		};
/* End PBXNativeTarget section */

/* Begin PBXProject section */
		668710612D70E6DD009CE20F /* Project object */ = {
			isa = PBXProject;
			attributes = {
				BuildIndependentTargetsInParallel = 1;
				LastSwiftUpdateCheck = 1540;
				LastUpgradeCheck = 1540;
				TargetAttributes = {
					668710682D70E6DD009CE20F = {
						CreatedOnToolsVersion = 15.4;
					};
					668710782D70E6DE009CE20F = {
						CreatedOnToolsVersion = 15.4;
						TestTargetID = 668710682D70E6DD009CE20F;
					};
					668710822D70E6DE009CE20F = {
						CreatedOnToolsVersion = 15.4;
						TestTargetID = 668710682D70E6DD009CE20F;
					};
				};
			};
			buildConfigurationList = 668710642D70E6DD009CE20F /* Build configuration list for PBXProject "ControlFlow_#Guessing" */;
			compatibilityVersion = "Xcode 14.0";
			developmentRegion = en;
			hasScannedForEncodings = 0;
			knownRegions = (
				en,
				Base,
			);
			mainGroup = 668710602D70E6DD009CE20F;
			productRefGroup = 6687106A2D70E6DD009CE20F /* Products */;
			projectDirPath = "";
			projectRoot = "";
			targets = (
				668710682D70E6DD009CE20F /* ControlFlow_#Guessing */,
				668710782D70E6DE009CE20F /* ControlFlow_#GuessingTests */,
				668710822D70E6DE009CE20F /* ControlFlow_#GuessingUITests */,
			);
		};
/* End PBXProject section */

/* Begin PBXResourcesBuildPhase section */
		668710672D70E6DD009CE20F /* Resources */ = {
			isa = PBXResourcesBuildPhase;
			buildActionMask = 2147483647;
			files = (
				668710742D70E6DD009CE20F /* Preview Assets.xcassets in Resources */,
				668710712D70E6DD009CE20F /* Assets.xcassets in Resources */,
			);
			runOnlyForDeploymentPostprocessing = 0;
		};
		668710772D70E6DE009CE20F /* Resources */ = {
			isa = PBXResourcesBuildPhase;
			buildActionMask = 2147483647;
			files = (
			);
			runOnlyForDeploymentPostprocessing = 0;
		};
		668710812D70E6DE009CE20F /* Resources */ = {
			isa = PBXResourcesBuildPhase;
			buildActionMask = 2147483647;
			files = (
			);
			runOnlyForDeploymentPostprocessing = 0;
		};
/* End PBXResourcesBuildPhase section */

/* Begin PBXSourcesBuildPhase section */
		668710652D70E6DD009CE20F /* Sources */ = {
			isa = PBXSourcesBuildPhase;
			buildActionMask = 2147483647;
			files = (
				6687106F2D70E6DD009CE20F /* ContentView.swift in Sources */,
				6687106D2D70E6DD009CE20F /* ControlFlow__GuessingApp.swift in Sources */,
			);
			runOnlyForDeploymentPostprocessing = 0;
		};
		668710752D70E6DE009CE20F /* Sources */ = {
			isa = PBXSourcesBuildPhase;
			buildActionMask = 2147483647;
			files = (
				6687107E2D70E6DE009CE20F /* ControlFlow__GuessingTests.swift in Sources */,
			);
			runOnlyForDeploymentPostprocessing = 0;
		};
		6687107F2D70E6DE009CE20F /* Sources */ = {
			isa = PBXSourcesBuildPhase;
			buildActionMask = 2147483647;
			files = (
				668710882D70E6DE009CE20F /* ControlFlow__GuessingUITests.swift in Sources */,
				6687108A2D70E6DE009CE20F /* ControlFlow__GuessingUITestsLaunchTests.swift in Sources */,
			);
			runOnlyForDeploymentPostprocessing = 0;
		};
/* End PBXSourcesBuildPhase section */

/* Begin PBXTargetDependency section */
		6687107B2D70E6DE009CE20F /* PBXTargetDependency */ = {
			isa = PBXTargetDependency;
			target = 668710682D70E6DD009CE20F /* ControlFlow_#Guessing */;
			targetProxy = 6687107A2D70E6DE009CE20F /* PBXContainerItemProxy */;
		};
		668710852D70E6DE009CE20F /* PBXTargetDependency */ = {
			isa = PBXTargetDependency;
			target = 668710682D70E6DD009CE20F /* ControlFlow_#Guessing */;
			targetProxy = 668710842D70E6DE009CE20F /* PBXContainerItemProxy */;
		};
/* End PBXTargetDependency section */

/* Begin XCBuildConfiguration section */
		6687108B2D70E6DE009CE20F /* Debug */ = {
			isa = XCBuildConfiguration;
			buildSettings = {
				ALWAYS_SEARCH_USER_PATHS = NO;
				ASSETCATALOG_COMPILER_GENERATE_SWIFT_ASSET_SYMBOL_EXTENSIONS = YES;
				CLANG_ANALYZER_NONNULL = YES;
				CLANG_ANALYZER_NUMBER_OBJECT_CONVERSION = YES_AGGRESSIVE;
				CLANG_CXX_LANGUAGE_STANDARD = "gnu++20";
				CLANG_ENABLE_MODULES = YES;
				CLANG_ENABLE_OBJC_ARC = YES;
				CLANG_ENABLE_OBJC_WEAK = YES;
				CLANG_WARN_BLOCK_CAPTURE_AUTORELEASING = YES;
				CLANG_WARN_BOOL_CONVERSION = YES;
				CLANG_WARN_COMMA = YES;
				CLANG_WARN_CONSTANT_CONVERSION = YES;
				CLANG_WARN_DEPRECATED_OBJC_IMPLEMENTATIONS = YES;
				CLANG_WARN_DIRECT_OBJC_ISA_USAGE = YES_ERROR;
				CLANG_WARN_DOCUMENTATION_COMMENTS = YES;
				CLANG_WARN_EMPTY_BODY = YES;
				CLANG_WARN_ENUM_CONVERSION = YES;
				CLANG_WARN_INFINITE_RECURSION = YES;
				CLANG_WARN_INT_CONVERSION = YES;
				CLANG_WARN_NON_LITERAL_NULL_CONVERSION = YES;
				CLANG_WARN_OBJC_IMPLICIT_RETAIN_SELF = YES;
				CLANG_WARN_OBJC_LITERAL_CONVERSION = YES;
				CLANG_WARN_OBJC_ROOT_CLASS = YES_ERROR;
				CLANG_WARN_QUOTED_INCLUDE_IN_FRAMEWORK_HEADER = YES;
				CLANG_WARN_RANGE_LOOP_ANALYSIS = YES;
				CLANG_WARN_STRICT_PROTOTYPES = YES;
				CLANG_WARN_SUSPICIOUS_MOVE = YES;
				CLANG_WARN_UNGUARDED_AVAILABILITY = YES_AGGRESSIVE;
				CLANG_WARN_UNREACHABLE_CODE = YES;
				CLANG_WARN__DUPLICATE_METHOD_MATCH = YES;
				COPY_PHASE_STRIP = NO;
				DEBUG_INFORMATION_FORMAT = dwarf;
				ENABLE_STRICT_OBJC_MSGSEND = YES;
				ENABLE_TESTABILITY = YES;
				ENABLE_USER_SCRIPT_SANDBOXING = YES;
				GCC_C_LANGUAGE_STANDARD = gnu17;
				GCC_DYNAMIC_NO_PIC = NO;
				GCC_NO_COMMON_BLOCKS = YES;
				GCC_OPTIMIZATION_LEVEL = 0;
				GCC_PREPROCESSOR_DEFINITIONS = (
					"DEBUG=1",
					"$(inherited)",
				);
				GCC_WARN_64_TO_32_BIT_CONVERSION = YES;
				GCC_WARN_ABOUT_RETURN_TYPE = YES_ERROR;
				GCC_WARN_UNDECLARED_SELECTOR = YES;
				GCC_WARN_UNINITIALIZED_AUTOS = YES_AGGRESSIVE;
				GCC_WARN_UNUSED_FUNCTION = YES;
				GCC_WARN_UNUSED_VARIABLE = YES;
				IPHONEOS_DEPLOYMENT_TARGET = 17.5;
				LOCALIZATION_PREFERS_STRING_CATALOGS = YES;
				MTL_ENABLE_DEBUG_INFO = INCLUDE_SOURCE;
				MTL_FAST_MATH = YES;
				ONLY_ACTIVE_ARCH = YES;
				SDKROOT = iphoneos;
				SWIFT_ACTIVE_COMPILATION_CONDITIONS = "DEBUG $(inherited)";
				SWIFT_OPTIMIZATION_LEVEL = "-Onone";
			};
			name = Debug;
		};
		6687108C2D70E6DE009CE20F /* Release */ = {
			isa = XCBuildConfiguration;
			buildSettings = {
				ALWAYS_SEARCH_USER_PATHS = NO;
				ASSETCATALOG_COMPILER_GENERATE_SWIFT_ASSET_SYMBOL_EXTENSIONS = YES;
				CLANG_ANALYZER_NONNULL = YES;
				CLANG_ANALYZER_NUMBER_OBJECT_CONVERSION = YES_AGGRESSIVE;
				CLANG_CXX_LANGUAGE_STANDARD = "gnu++20";
				CLANG_ENABLE_MODULES = YES;
				CLANG_ENABLE_OBJC_ARC = YES;
				CLANG_ENABLE_OBJC_WEAK = YES;
				CLANG_WARN_BLOCK_CAPTURE_AUTORELEASING = YES;
				CLANG_WARN_BOOL_CONVERSION = YES;
				CLANG_WARN_COMMA = YES;
				CLANG_WARN_CONSTANT_CONVERSION = YES;
				CLANG_WARN_DEPRECATED_OBJC_IMPLEMENTATIONS = YES;
				CLANG_WARN_DIRECT_OBJC_ISA_USAGE = YES_ERROR;
				CLANG_WARN_DOCUMENTATION_COMMENTS = YES;
				CLANG_WARN_EMPTY_BODY = YES;
				CLANG_WARN_ENUM_CONVERSION = YES;
				CLANG_WARN_INFINITE_RECURSION = YES;
				CLANG_WARN_INT_CONVERSION = YES;
				CLANG_WARN_NON_LITERAL_NULL_CONVERSION = YES;
				CLANG_WARN_OBJC_IMPLICIT_RETAIN_SELF = YES;
				CLANG_WARN_OBJC_LITERAL_CONVERSION = YES;
				CLANG_WARN_OBJC_ROOT_CLASS = YES_ERROR;
				CLANG_WARN_QUOTED_INCLUDE_IN_FRAMEWORK_HEADER = YES;
				CLANG_WARN_RANGE_LOOP_ANALYSIS = YES;
				CLANG_WARN_STRICT_PROTOTYPES = YES;
				CLANG_WARN_SUSPICIOUS_MOVE = YES;
				CLANG_WARN_UNGUARDED_AVAILABILITY = YES_AGGRESSIVE;
				CLANG_WARN_UNREACHABLE_CODE = YES;
				CLANG_WARN__DUPLICATE_METHOD_MATCH = YES;
				COPY_PHASE_STRIP = NO;
				DEBUG_INFORMATION_FORMAT = "dwarf-with-dsym";
				ENABLE_NS_ASSERTIONS = NO;
				ENABLE_STRICT_OBJC_MSGSEND = YES;
				ENABLE_USER_SCRIPT_SANDBOXING = YES;
				GCC_C_LANGUAGE_STANDARD = gnu17;
				GCC_NO_COMMON_BLOCKS = YES;
				GCC_WARN_64_TO_32_BIT_CONVERSION = YES;
				GCC_WARN_ABOUT_RETURN_TYPE = YES_ERROR;
				GCC_WARN_UNDECLARED_SELECTOR = YES;
				GCC_WARN_UNINITIALIZED_AUTOS = YES_AGGRESSIVE;
				GCC_WARN_UNUSED_FUNCTION = YES;
				GCC_WARN_UNUSED_VARIABLE = YES;
				IPHONEOS_DEPLOYMENT_TARGET = 17.5;
				LOCALIZATION_PREFERS_STRING_CATALOGS = YES;
				MTL_ENABLE_DEBUG_INFO = NO;
				MTL_FAST_MATH = YES;
				SDKROOT = iphoneos;
				SWIFT_COMPILATION_MODE = wholemodule;
				VALIDATE_PRODUCT = YES;
			};
			name = Release;
		};
		6687108E2D70E6DE009CE20F /* Debug */ = {
			isa = XCBuildConfiguration;
			buildSettings = {
				ASSETCATALOG_COMPILER_APPICON_NAME = AppIcon;
				ASSETCATALOG_COMPILER_GLOBAL_ACCENT_COLOR_NAME = AccentColor;
				CODE_SIGN_STYLE = Automatic;
				CURRENT_PROJECT_VERSION = 1;
				DEVELOPMENT_ASSET_PATHS = "\"ControlFlow_#Guessing/Preview Content\"";
				ENABLE_PREVIEWS = YES;
				GENERATE_INFOPLIST_FILE = YES;
				INFOPLIST_KEY_UIApplicationSceneManifest_Generation = YES;
				INFOPLIST_KEY_UIApplicationSupportsIndirectInputEvents = YES;
				INFOPLIST_KEY_UILaunchScreen_Generation = YES;
				INFOPLIST_KEY_UISupportedInterfaceOrientations_iPad = "UIInterfaceOrientationPortrait UIInterfaceOrientationPortraitUpsideDown UIInterfaceOrientationLandscapeLeft UIInterfaceOrientationLandscapeRight";
				INFOPLIST_KEY_UISupportedInterfaceOrientations_iPhone = "UIInterfaceOrientationPortrait UIInterfaceOrientationLandscapeLeft UIInterfaceOrientationLandscapeRight";
				LD_RUNPATH_SEARCH_PATHS = (
					"$(inherited)",
					"@executable_path/Frameworks",
				);
				MARKETING_VERSION = 1.0;
				PRODUCT_BUNDLE_IDENTIFIER = "name.yizhenzhu.ControlFlow--Guessing";
				PRODUCT_NAME = "$(TARGET_NAME)";
				SWIFT_EMIT_LOC_STRINGS = YES;
				SWIFT_VERSION = 5.0;
				TARGETED_DEVICE_FAMILY = "1,2";
			};
			name = Debug;
		};
		6687108F2D70E6DE009CE20F /* Release */ = {
			isa = XCBuildConfiguration;
			buildSettings = {
				ASSETCATALOG_COMPILER_APPICON_NAME = AppIcon;
				ASSETCATALOG_COMPILER_GLOBAL_ACCENT_COLOR_NAME = AccentColor;
				CODE_SIGN_STYLE = Automatic;
				CURRENT_PROJECT_VERSION = 1;
				DEVELOPMENT_ASSET_PATHS = "\"ControlFlow_#Guessing/Preview Content\"";
				ENABLE_PREVIEWS = YES;
				GENERATE_INFOPLIST_FILE = YES;
				INFOPLIST_KEY_UIApplicationSceneManifest_Generation = YES;
				INFOPLIST_KEY_UIApplicationSupportsIndirectInputEvents = YES;
				INFOPLIST_KEY_UILaunchScreen_Generation = YES;
				INFOPLIST_KEY_UISupportedInterfaceOrientations_iPad = "UIInterfaceOrientationPortrait UIInterfaceOrientationPortraitUpsideDown UIInterfaceOrientationLandscapeLeft UIInterfaceOrientationLandscapeRight";
				INFOPLIST_KEY_UISupportedInterfaceOrientations_iPhone = "UIInterfaceOrientationPortrait UIInterfaceOrientationLandscapeLeft UIInterfaceOrientationLandscapeRight";
				LD_RUNPATH_SEARCH_PATHS = (
					"$(inherited)",
					"@executable_path/Frameworks",
				);
				MARKETING_VERSION = 1.0;
				PRODUCT_BUNDLE_IDENTIFIER = "name.yizhenzhu.ControlFlow--Guessing";
				PRODUCT_NAME = "$(TARGET_NAME)";
				SWIFT_EMIT_LOC_STRINGS = YES;
				SWIFT_VERSION = 5.0;
				TARGETED_DEVICE_FAMILY = "1,2";
			};
			name = Release;
		};
		668710912D70E6DE009CE20F /* Debug */ = {
			isa = XCBuildConfiguration;
			buildSettings = {
				ALWAYS_EMBED_SWIFT_STANDARD_LIBRARIES = YES;
				BUNDLE_LOADER = "$(TEST_HOST)";
				CODE_SIGN_STYLE = Automatic;
				CURRENT_PROJECT_VERSION = 1;
				GENERATE_INFOPLIST_FILE = YES;
				IPHONEOS_DEPLOYMENT_TARGET = 17.5;
				MARKETING_VERSION = 1.0;
				PRODUCT_BUNDLE_IDENTIFIER = "name.yizhenzhu.ControlFlow--GuessingTests";
				PRODUCT_NAME = "$(TARGET_NAME)";
				SWIFT_EMIT_LOC_STRINGS = NO;
				SWIFT_VERSION = 5.0;
				TARGETED_DEVICE_FAMILY = "1,2";
				TEST_HOST = "$(BUILT_PRODUCTS_DIR)/ControlFlow_#Guessing.app/$(BUNDLE_EXECUTABLE_FOLDER_PATH)/ControlFlow_#Guessing";
			};
			name = Debug;
		};
		668710922D70E6DE009CE20F /* Release */ = {
			isa = XCBuildConfiguration;
			buildSettings = {
				ALWAYS_EMBED_SWIFT_STANDARD_LIBRARIES = YES;
				BUNDLE_LOADER = "$(TEST_HOST)";
				CODE_SIGN_STYLE = Automatic;
				CURRENT_PROJECT_VERSION = 1;
				GENERATE_INFOPLIST_FILE = YES;
				IPHONEOS_DEPLOYMENT_TARGET = 17.5;
				MARKETING_VERSION = 1.0;
				PRODUCT_BUNDLE_IDENTIFIER = "name.yizhenzhu.ControlFlow--GuessingTests";
				PRODUCT_NAME = "$(TARGET_NAME)";
				SWIFT_EMIT_LOC_STRINGS = NO;
				SWIFT_VERSION = 5.0;
				TARGETED_DEVICE_FAMILY = "1,2";
				TEST_HOST = "$(BUILT_PRODUCTS_DIR)/ControlFlow_#Guessing.app/$(BUNDLE_EXECUTABLE_FOLDER_PATH)/ControlFlow_#Guessing";
			};
			name = Release;
		};
		668710942D70E6DE009CE20F /* Debug */ = {
			isa = XCBuildConfiguration;
			buildSettings = {
				ALWAYS_EMBED_SWIFT_STANDARD_LIBRARIES = YES;
				CODE_SIGN_STYLE = Automatic;
				CURRENT_PROJECT_VERSION = 1;
				GENERATE_INFOPLIST_FILE = YES;
				MARKETING_VERSION = 1.0;
				PRODUCT_BUNDLE_IDENTIFIER = "name.yizhenzhu.ControlFlow--GuessingUITests";
				PRODUCT_NAME = "$(TARGET_NAME)";
				SWIFT_EMIT_LOC_STRINGS = NO;
				SWIFT_VERSION = 5.0;
				TARGETED_DEVICE_FAMILY = "1,2";
				TEST_TARGET_NAME = "ControlFlow_#Guessing";
			};
			name = Debug;
		};
		668710952D70E6DE009CE20F /* Release */ = {
			isa = XCBuildConfiguration;
			buildSettings = {
				ALWAYS_EMBED_SWIFT_STANDARD_LIBRARIES = YES;
				CODE_SIGN_STYLE = Automatic;
				CURRENT_PROJECT_VERSION = 1;
				GENERATE_INFOPLIST_FILE = YES;
				MARKETING_VERSION = 1.0;
				PRODUCT_BUNDLE_IDENTIFIER = "name.yizhenzhu.ControlFlow--GuessingUITests";
				PRODUCT_NAME = "$(TARGET_NAME)";
				SWIFT_EMIT_LOC_STRINGS = NO;
				SWIFT_VERSION = 5.0;
				TARGETED_DEVICE_FAMILY = "1,2";
				TEST_TARGET_NAME = "ControlFlow_#Guessing";
			};
			name = Release;
		};
/* End XCBuildConfiguration section */

/* Begin XCConfigurationList section */
		668710642D70E6DD009CE20F /* Build configuration list for PBXProject "ControlFlow_#Guessing" */ = {
			isa = XCConfigurationList;
			buildConfigurations = (
				6687108B2D70E6DE009CE20F /* Debug */,
				6687108C2D70E6DE009CE20F /* Release */,
			);
			defaultConfigurationIsVisible = 0;
			defaultConfigurationName = Release;
		};
		6687108D2D70E6DE009CE20F /* Build configuration list for PBXNativeTarget "ControlFlow_#Guessing" */ = {
			isa = XCConfigurationList;
			buildConfigurations = (
				6687108E2D70E6DE009CE20F /* Debug */,
				6687108F2D70E6DE009CE20F /* Release */,
			);
			defaultConfigurationIsVisible = 0;
			defaultConfigurationName = Release;
		};
		668710902D70E6DE009CE20F /* Build configuration list for PBXNativeTarget "ControlFlow_#GuessingTests" */ = {
			isa = XCConfigurationList;
			buildConfigurations = (
				668710912D70E6DE009CE20F /* Debug */,
				668710922D70E6DE009CE20F /* Release */,
			);
			defaultConfigurationIsVisible = 0;
			defaultConfigurationName = Release;
		};
		668710932D70E6DE009CE20F /* Build configuration list for PBXNativeTarget "ControlFlow_#GuessingUITests" */ = {
			isa = XCConfigurationList;
			buildConfigurations = (
				668710942D70E6DE009CE20F /* Debug */,
				668710952D70E6DE009CE20F /* Release */,
			);
			defaultConfigurationIsVisible = 0;
			defaultConfigurationName = Release;
		};
/* End XCConfigurationList section */
	};
	rootObject = 668710612D70E6DD009CE20F /* Project object */;
}
